
Microsoft Visual Studio Solution File, Format Version 12.00
# Visual Studio 14
VisualStudioVersion = 14.0.25420.1
MinimumVisualStudioVersion = 10.0.40219.1
Project("{FAE04EC0-301F-11D3-BF4B-00C04F79EFBC}") = "Dianet.Droid", "Dianet\Dianet.Droid\Dianet.Droid.csproj", "{1D684ADB-1AC6-4DBB-AD87-39EB6E717751}"
EndProject
Project("{FAE04EC0-301F-11D3-BF4B-00C04F79EFBC}") = "Dianet.iOS", "Dianet\Dianet.iOS\Dianet.iOS.csproj", "{4377215C-EAC7-4169-B02F-6601AE1B2794}"
EndProject
Project("{FAE04EC0-301F-11D3-BF4B-00C04F79EFBC}") = "Dianet.WinPhone", "Dianet\Dianet.WinPhone\Dianet.WinPhone.csproj", "{4F7E4699-8F8B-41E9-B318-E3A1F0AB7C9A}"
EndProject
Project("{FAE04EC0-301F-11D3-BF4B-00C04F79EFBC}") = "Dianet.UWP", "Dianet\Dianet.UWP\Dianet.UWP.csproj", "{AF9BFDA3-4257-4FBF-9DB0-92639CDE4249}"
EndProject
Project("{FAE04EC0-301F-11D3-BF4B-00C04F79EFBC}") = "Dianet.Windows", "Dianet\Dianet.Windows\Dianet.Windows.csproj", "{396EF89C-BF31-4E49-AE13-30CE47A6DEF2}"
EndProject
Project("{FAE04EC0-301F-11D3-BF4B-00C04F79EFBC}") = "Dianet", "Dianet\Dianet\Dianet.csproj", "{EA2228A7-2E96-453B-B6FC-D1E6437E24A1}"
EndProject
Global
	GlobalSection(SolutionConfigurationPlatforms) = preSolution
		Ad-Hoc|Any CPU = Ad-Hoc|Any CPU
		Ad-Hoc|ARM = Ad-Hoc|ARM
		Ad-Hoc|iPhone = Ad-Hoc|iPhone
		Ad-Hoc|iPhoneSimulator = Ad-Hoc|iPhoneSimulator
		Ad-Hoc|x64 = Ad-Hoc|x64
		Ad-Hoc|x86 = Ad-Hoc|x86
		AppStore|Any CPU = AppStore|Any CPU
		AppStore|ARM = AppStore|ARM
		AppStore|iPhone = AppStore|iPhone
		AppStore|iPhoneSimulator = AppStore|iPhoneSimulator
		AppStore|x64 = AppStore|x64
		AppStore|x86 = AppStore|x86
		Debug|Any CPU = Debug|Any CPU
		Debug|ARM = Debug|ARM
		Debug|iPhone = Debug|iPhone
		Debug|iPhoneSimulator = Debug|iPhoneSimulator
		Debug|x64 = Debug|x64
		Debug|x86 = Debug|x86
		Release|Any CPU = Release|Any CPU
		Release|ARM = Release|ARM
		Release|iPhone = Release|iPhone
		Release|iPhoneSimulator = Release|iPhoneSimulator
		Release|x64 = Release|x64
		Release|x86 = Release|x86
	EndGlobalSection
	GlobalSection(ProjectConfigurationPlatforms) = postSolution
		{1D684ADB-1AC6-4DBB-AD87-39EB6E717751}.Ad-Hoc|Any CPU.ActiveCfg = Release|Any CPU
		{1D684ADB-1AC6-4DBB-AD87-39EB6E717751}.Ad-Hoc|Any CPU.Build.0 = Release|Any CPU
		{1D684ADB-1AC6-4DBB-AD87-39EB6E717751}.Ad-Hoc|Any CPU.Deploy.0 = Release|Any CPU
		{1D684ADB-1AC6-4DBB-AD87-39EB6E717751}.Ad-Hoc|ARM.ActiveCfg = Release|Any CPU
		{1D684ADB-1AC6-4DBB-AD87-39EB6E717751}.Ad-Hoc|ARM.Build.0 = Release|Any CPU
		{1D684ADB-1AC6-4DBB-AD87-39EB6E717751}.Ad-Hoc|ARM.Deploy.0 = Release|Any CPU
		{1D684ADB-1AC6-4DBB-AD87-39EB6E717751}.Ad-Hoc|iPhone.ActiveCfg = Release|Any CPU
		{1D684ADB-1AC6-4DBB-AD87-39EB6E717751}.Ad-Hoc|iPhone.Build.0 = Release|Any CPU
		{1D684ADB-1AC6-4DBB-AD87-39EB6E717751}.Ad-Hoc|iPhone.Deploy.0 = Release|Any CPU
		{1D684ADB-1AC6-4DBB-AD87-39EB6E717751}.Ad-Hoc|iPhoneSimulator.ActiveCfg = Release|Any CPU
		{1D684ADB-1AC6-4DBB-AD87-39EB6E717751}.Ad-Hoc|iPhoneSimulator.Build.0 = Release|Any CPU
		{1D684ADB-1AC6-4DBB-AD87-39EB6E717751}.Ad-Hoc|iPhoneSimulator.Deploy.0 = Release|Any CPU
		{1D684ADB-1AC6-4DBB-AD87-39EB6E717751}.Ad-Hoc|x64.ActiveCfg = Release|Any CPU
		{1D684ADB-1AC6-4DBB-AD87-39EB6E717751}.Ad-Hoc|x64.Build.0 = Release|Any CPU
		{1D684ADB-1AC6-4DBB-AD87-39EB6E717751}.Ad-Hoc|x64.Deploy.0 = Release|Any CPU
		{1D684ADB-1AC6-4DBB-AD87-39EB6E717751}.Ad-Hoc|x86.ActiveCfg = Release|Any CPU
		{1D684ADB-1AC6-4DBB-AD87-39EB6E717751}.Ad-Hoc|x86.Build.0 = Release|Any CPU
		{1D684ADB-1AC6-4DBB-AD87-39EB6E717751}.Ad-Hoc|x86.Deploy.0 = Release|Any CPU
		{1D684ADB-1AC6-4DBB-AD87-39EB6E717751}.AppStore|Any CPU.ActiveCfg = Release|Any CPU
		{1D684ADB-1AC6-4DBB-AD87-39EB6E717751}.AppStore|Any CPU.Build.0 = Release|Any CPU
		{1D684ADB-1AC6-4DBB-AD87-39EB6E717751}.AppStore|Any CPU.Deploy.0 = Release|Any CPU
		{1D684ADB-1AC6-4DBB-AD87-39EB6E717751}.AppStore|ARM.ActiveCfg = Release|Any CPU
		{1D684ADB-1AC6-4DBB-AD87-39EB6E717751}.AppStore|ARM.Build.0 = Release|Any CPU
		{1D684ADB-1AC6-4DBB-AD87-39EB6E717751}.AppStore|ARM.Deploy.0 = Release|Any CPU
		{1D684ADB-1AC6-4DBB-AD87-39EB6E717751}.AppStore|iPhone.ActiveCfg = Release|Any CPU
		{1D684ADB-1AC6-4DBB-AD87-39EB6E717751}.AppStore|iPhone.Build.0 = Release|Any CPU
		{1D684ADB-1AC6-4DBB-AD87-39EB6E717751}.AppStore|iPhone.Deploy.0 = Release|Any CPU
		{1D684ADB-1AC6-4DBB-AD87-39EB6E717751}.AppStore|iPhoneSimulator.ActiveCfg = Release|Any CPU
		{1D684ADB-1AC6-4DBB-AD87-39EB6E717751}.AppStore|iPhoneSimulator.Build.0 = Release|Any CPU
		{1D684ADB-1AC6-4DBB-AD87-39EB6E717751}.AppStore|iPhoneSimulator.Deploy.0 = Release|Any CPU
		{1D684ADB-1AC6-4DBB-AD87-39EB6E717751}.AppStore|x64.ActiveCfg = Release|Any CPU
		{1D684ADB-1AC6-4DBB-AD87-39EB6E717751}.AppStore|x64.Build.0 = Release|Any CPU
		{1D684ADB-1AC6-4DBB-AD87-39EB6E717751}.AppStore|x64.Deploy.0 = Release|Any CPU
		{1D684ADB-1AC6-4DBB-AD87-39EB6E717751}.AppStore|x86.ActiveCfg = Release|Any CPU
		{1D684ADB-1AC6-4DBB-AD87-39EB6E717751}.AppStore|x86.Build.0 = Release|Any CPU
		{1D684ADB-1AC6-4DBB-AD87-39EB6E717751}.AppStore|x86.Deploy.0 = Release|Any CPU
		{1D684ADB-1AC6-4DBB-AD87-39EB6E717751}.Debug|Any CPU.ActiveCfg = Debug|Any CPU
		{1D684ADB-1AC6-4DBB-AD87-39EB6E717751}.Debug|Any CPU.Build.0 = Debug|Any CPU
		{1D684ADB-1AC6-4DBB-AD87-39EB6E717751}.Debug|Any CPU.Deploy.0 = Debug|Any CPU
		{1D684ADB-1AC6-4DBB-AD87-39EB6E717751}.Debug|ARM.ActiveCfg = Debug|Any CPU
		{1D684ADB-1AC6-4DBB-AD87-39EB6E717751}.Debug|ARM.Build.0 = Debug|Any CPU
		{1D684ADB-1AC6-4DBB-AD87-39EB6E717751}.Debug|ARM.Deploy.0 = Debug|Any CPU
		{1D684ADB-1AC6-4DBB-AD87-39EB6E717751}.Debug|iPhone.ActiveCfg = Debug|Any CPU
		{1D684ADB-1AC6-4DBB-AD87-39EB6E717751}.Debug|iPhone.Build.0 = Debug|Any CPU
		{1D684ADB-1AC6-4DBB-AD87-39EB6E717751}.Debug|iPhone.Deploy.0 = Debug|Any CPU
		{1D684ADB-1AC6-4DBB-AD87-39EB6E717751}.Debug|iPhoneSimulator.ActiveCfg = Debug|Any CPU
		{1D684ADB-1AC6-4DBB-AD87-39EB6E717751}.Debug|iPhoneSimulator.Build.0 = Debug|Any CPU
		{1D684ADB-1AC6-4DBB-AD87-39EB6E717751}.Debug|iPhoneSimulator.Deploy.0 = Debug|Any CPU
		{1D684ADB-1AC6-4DBB-AD87-39EB6E717751}.Debug|x64.ActiveCfg = Debug|Any CPU
		{1D684ADB-1AC6-4DBB-AD87-39EB6E717751}.Debug|x64.Build.0 = Debug|Any CPU
		{1D684ADB-1AC6-4DBB-AD87-39EB6E717751}.Debug|x64.Deploy.0 = Debug|Any CPU
		{1D684ADB-1AC6-4DBB-AD87-39EB6E717751}.Debug|x86.ActiveCfg = Debug|Any CPU
		{1D684ADB-1AC6-4DBB-AD87-39EB6E717751}.Debug|x86.Build.0 = Debug|Any CPU
		{1D684ADB-1AC6-4DBB-AD87-39EB6E717751}.Debug|x86.Deploy.0 = Debug|Any CPU
		{1D684ADB-1AC6-4DBB-AD87-39EB6E717751}.Release|Any CPU.ActiveCfg = Release|Any CPU
		{1D684ADB-1AC6-4DBB-AD87-39EB6E717751}.Release|Any CPU.Build.0 = Release|Any CPU
		{1D684ADB-1AC6-4DBB-AD87-39EB6E717751}.Release|Any CPU.Deploy.0 = Release|Any CPU
		{1D684ADB-1AC6-4DBB-AD87-39EB6E717751}.Release|ARM.ActiveCfg = Release|Any CPU
		{1D684ADB-1AC6-4DBB-AD87-39EB6E717751}.Release|ARM.Build.0 = Release|Any CPU
		{1D684ADB-1AC6-4DBB-AD87-39EB6E717751}.Release|ARM.Deploy.0 = Release|Any CPU
		{1D684ADB-1AC6-4DBB-AD87-39EB6E717751}.Release|iPhone.ActiveCfg = Release|Any CPU
		{1D684ADB-1AC6-4DBB-AD87-39EB6E717751}.Release|iPhone.Build.0 = Release|Any CPU
		{1D684ADB-1AC6-4DBB-AD87-39EB6E717751}.Release|iPhone.Deploy.0 = Release|Any CPU
		{1D684ADB-1AC6-4DBB-AD87-39EB6E717751}.Release|iPhoneSimulator.ActiveCfg = Release|Any CPU
		{1D684ADB-1AC6-4DBB-AD87-39EB6E717751}.Release|iPhoneSimulator.Build.0 = Release|Any CPU
		{1D684ADB-1AC6-4DBB-AD87-39EB6E717751}.Release|iPhoneSimulator.Deploy.0 = Release|Any CPU
		{1D684ADB-1AC6-4DBB-AD87-39EB6E717751}.Release|x64.ActiveCfg = Release|Any CPU
		{1D684ADB-1AC6-4DBB-AD87-39EB6E717751}.Release|x64.Build.0 = Release|Any CPU
		{1D684ADB-1AC6-4DBB-AD87-39EB6E717751}.Release|x64.Deploy.0 = Release|Any CPU
		{1D684ADB-1AC6-4DBB-AD87-39EB6E717751}.Release|x86.ActiveCfg = Release|Any CPU
		{1D684ADB-1AC6-4DBB-AD87-39EB6E717751}.Release|x86.Build.0 = Release|Any CPU
		{1D684ADB-1AC6-4DBB-AD87-39EB6E717751}.Release|x86.Deploy.0 = Release|Any CPU
		{4377215C-EAC7-4169-B02F-6601AE1B2794}.Ad-Hoc|Any CPU.ActiveCfg = Ad-Hoc|iPhone
		{4377215C-EAC7-4169-B02F-6601AE1B2794}.Ad-Hoc|ARM.ActiveCfg = Ad-Hoc|iPhone
		{4377215C-EAC7-4169-B02F-6601AE1B2794}.Ad-Hoc|iPhone.ActiveCfg = Ad-Hoc|iPhone
		{4377215C-EAC7-4169-B02F-6601AE1B2794}.Ad-Hoc|iPhone.Build.0 = Ad-Hoc|iPhone
		{4377215C-EAC7-4169-B02F-6601AE1B2794}.Ad-Hoc|iPhoneSimulator.ActiveCfg = Ad-Hoc|iPhoneSimulator
		{4377215C-EAC7-4169-B02F-6601AE1B2794}.Ad-Hoc|iPhoneSimulator.Build.0 = Ad-Hoc|iPhoneSimulator
		{4377215C-EAC7-4169-B02F-6601AE1B2794}.Ad-Hoc|x64.ActiveCfg = Ad-Hoc|iPhone
		{4377215C-EAC7-4169-B02F-6601AE1B2794}.Ad-Hoc|x86.ActiveCfg = Ad-Hoc|iPhone
		{4377215C-EAC7-4169-B02F-6601AE1B2794}.AppStore|Any CPU.ActiveCfg = AppStore|iPhone
		{4377215C-EAC7-4169-B02F-6601AE1B2794}.AppStore|ARM.ActiveCfg = AppStore|iPhone
		{4377215C-EAC7-4169-B02F-6601AE1B2794}.AppStore|iPhone.ActiveCfg = AppStore|iPhone
		{4377215C-EAC7-4169-B02F-6601AE1B2794}.AppStore|iPhone.Build.0 = AppStore|iPhone
		{4377215C-EAC7-4169-B02F-6601AE1B2794}.AppStore|iPhoneSimulator.ActiveCfg = AppStore|iPhoneSimulator
		{4377215C-EAC7-4169-B02F-6601AE1B2794}.AppStore|iPhoneSimulator.Build.0 = AppStore|iPhoneSimulator
		{4377215C-EAC7-4169-B02F-6601AE1B2794}.AppStore|x64.ActiveCfg = AppStore|iPhone
		{4377215C-EAC7-4169-B02F-6601AE1B2794}.AppStore|x86.ActiveCfg = AppStore|iPhone
		{4377215C-EAC7-4169-B02F-6601AE1B2794}.Debug|Any CPU.ActiveCfg = Debug|iPhone
		{4377215C-EAC7-4169-B02F-6601AE1B2794}.Debug|ARM.ActiveCfg = Debug|iPhone
		{4377215C-EAC7-4169-B02F-6601AE1B2794}.Debug|iPhone.ActiveCfg = Debug|iPhone
		{4377215C-EAC7-4169-B02F-6601AE1B2794}.Debug|iPhone.Build.0 = Debug|iPhone
		{4377215C-EAC7-4169-B02F-6601AE1B2794}.Debug|iPhoneSimulator.ActiveCfg = Debug|iPhoneSimulator
		{4377215C-EAC7-4169-B02F-6601AE1B2794}.Debug|iPhoneSimulator.Build.0 = Debug|iPhoneSimulator
		{4377215C-EAC7-4169-B02F-6601AE1B2794}.Debug|x64.ActiveCfg = Debug|iPhone
		{4377215C-EAC7-4169-B02F-6601AE1B2794}.Debug|x86.ActiveCfg = Debug|iPhone
		{4377215C-EAC7-4169-B02F-6601AE1B2794}.Release|Any CPU.ActiveCfg = Release|iPhone
		{4377215C-EAC7-4169-B02F-6601AE1B2794}.Release|ARM.ActiveCfg = Release|iPhone
		{4377215C-EAC7-4169-B02F-6601AE1B2794}.Release|iPhone.ActiveCfg = Release|iPhone
		{4377215C-EAC7-4169-B02F-6601AE1B2794}.Release|iPhone.Build.0 = Release|iPhone
		{4377215C-EAC7-4169-B02F-6601AE1B2794}.Release|iPhoneSimulator.ActiveCfg = Release|iPhoneSimulator
		{4377215C-EAC7-4169-B02F-6601AE1B2794}.Release|iPhoneSimulator.Build.0 = Release|iPhoneSimulator
		{4377215C-EAC7-4169-B02F-6601AE1B2794}.Release|x64.ActiveCfg = Release|iPhone
		{4377215C-EAC7-4169-B02F-6601AE1B2794}.Release|x86.ActiveCfg = Release|iPhone
		{4F7E4699-8F8B-41E9-B318-E3A1F0AB7C9A}.Ad-Hoc|Any CPU.ActiveCfg = Release|Any CPU
		{4F7E4699-8F8B-41E9-B318-E3A1F0AB7C9A}.Ad-Hoc|Any CPU.Build.0 = Release|Any CPU
		{4F7E4699-8F8B-41E9-B318-E3A1F0AB7C9A}.Ad-Hoc|Any CPU.Deploy.0 = Release|Any CPU
		{4F7E4699-8F8B-41E9-B318-E3A1F0AB7C9A}.Ad-Hoc|ARM.ActiveCfg = Release|ARM
		{4F7E4699-8F8B-41E9-B318-E3A1F0AB7C9A}.Ad-Hoc|ARM.Build.0 = Release|ARM
		{4F7E4699-8F8B-41E9-B318-E3A1F0AB7C9A}.Ad-Hoc|ARM.Deploy.0 = Release|ARM
		{4F7E4699-8F8B-41E9-B318-E3A1F0AB7C9A}.Ad-Hoc|iPhone.ActiveCfg = Release|Any CPU
		{4F7E4699-8F8B-41E9-B318-E3A1F0AB7C9A}.Ad-Hoc|iPhone.Build.0 = Release|Any CPU
		{4F7E4699-8F8B-41E9-B318-E3A1F0AB7C9A}.Ad-Hoc|iPhone.Deploy.0 = Release|Any CPU
		{4F7E4699-8F8B-41E9-B318-E3A1F0AB7C9A}.Ad-Hoc|iPhoneSimulator.ActiveCfg = Release|Any CPU
		{4F7E4699-8F8B-41E9-B318-E3A1F0AB7C9A}.Ad-Hoc|iPhoneSimulator.Build.0 = Release|Any CPU
		{4F7E4699-8F8B-41E9-B318-E3A1F0AB7C9A}.Ad-Hoc|iPhoneSimulator.Deploy.0 = Release|Any CPU
		{4F7E4699-8F8B-41E9-B318-E3A1F0AB7C9A}.Ad-Hoc|x64.ActiveCfg = Release|Any CPU
		{4F7E4699-8F8B-41E9-B318-E3A1F0AB7C9A}.Ad-Hoc|x64.Build.0 = Release|Any CPU
		{4F7E4699-8F8B-41E9-B318-E3A1F0AB7C9A}.Ad-Hoc|x64.Deploy.0 = Release|Any CPU
		{4F7E4699-8F8B-41E9-B318-E3A1F0AB7C9A}.Ad-Hoc|x86.ActiveCfg = Release|x86
		{4F7E4699-8F8B-41E9-B318-E3A1F0AB7C9A}.Ad-Hoc|x86.Build.0 = Release|x86
		{4F7E4699-8F8B-41E9-B318-E3A1F0AB7C9A}.Ad-Hoc|x86.Deploy.0 = Release|x86
		{4F7E4699-8F8B-41E9-B318-E3A1F0AB7C9A}.AppStore|Any CPU.ActiveCfg = Release|Any CPU
		{4F7E4699-8F8B-41E9-B318-E3A1F0AB7C9A}.AppStore|Any CPU.Build.0 = Release|Any CPU
		{4F7E4699-8F8B-41E9-B318-E3A1F0AB7C9A}.AppStore|Any CPU.Deploy.0 = Release|Any CPU
		{4F7E4699-8F8B-41E9-B318-E3A1F0AB7C9A}.AppStore|ARM.ActiveCfg = Release|ARM
		{4F7E4699-8F8B-41E9-B318-E3A1F0AB7C9A}.AppStore|ARM.Build.0 = Release|ARM
		{4F7E4699-8F8B-41E9-B318-E3A1F0AB7C9A}.AppStore|ARM.Deploy.0 = Release|ARM
		{4F7E4699-8F8B-41E9-B318-E3A1F0AB7C9A}.AppStore|iPhone.ActiveCfg = Release|Any CPU
		{4F7E4699-8F8B-41E9-B318-E3A1F0AB7C9A}.AppStore|iPhone.Build.0 = Release|Any CPU
		{4F7E4699-8F8B-41E9-B318-E3A1F0AB7C9A}.AppStore|iPhone.Deploy.0 = Release|Any CPU
		{4F7E4699-8F8B-41E9-B318-E3A1F0AB7C9A}.AppStore|iPhoneSimulator.ActiveCfg = Release|Any CPU
		{4F7E4699-8F8B-41E9-B318-E3A1F0AB7C9A}.AppStore|iPhoneSimulator.Build.0 = Release|Any CPU
		{4F7E4699-8F8B-41E9-B318-E3A1F0AB7C9A}.AppStore|iPhoneSimulator.Deploy.0 = Release|Any CPU
		{4F7E4699-8F8B-41E9-B318-E3A1F0AB7C9A}.AppStore|x64.ActiveCfg = Release|Any CPU
		{4F7E4699-8F8B-41E9-B318-E3A1F0AB7C9A}.AppStore|x64.Build.0 = Release|Any CPU
		{4F7E4699-8F8B-41E9-B318-E3A1F0AB7C9A}.AppStore|x64.Deploy.0 = Release|Any CPU
		{4F7E4699-8F8B-41E9-B318-E3A1F0AB7C9A}.AppStore|x86.ActiveCfg = Release|x86
		{4F7E4699-8F8B-41E9-B318-E3A1F0AB7C9A}.AppStore|x86.Build.0 = Release|x86
		{4F7E4699-8F8B-41E9-B318-E3A1F0AB7C9A}.AppStore|x86.Deploy.0 = Release|x86
		{4F7E4699-8F8B-41E9-B318-E3A1F0AB7C9A}.Debug|Any CPU.ActiveCfg = Debug|Any CPU
		{4F7E4699-8F8B-41E9-B318-E3A1F0AB7C9A}.Debug|Any CPU.Build.0 = Debug|Any CPU
		{4F7E4699-8F8B-41E9-B318-E3A1F0AB7C9A}.Debug|Any CPU.Deploy.0 = Debug|Any CPU
		{4F7E4699-8F8B-41E9-B318-E3A1F0AB7C9A}.Debug|ARM.ActiveCfg = Debug|ARM
		{4F7E4699-8F8B-41E9-B318-E3A1F0AB7C9A}.Debug|ARM.Build.0 = Debug|ARM
		{4F7E4699-8F8B-41E9-B318-E3A1F0AB7C9A}.Debug|ARM.Deploy.0 = Debug|ARM
		{4F7E4699-8F8B-41E9-B318-E3A1F0AB7C9A}.Debug|iPhone.ActiveCfg = Debug|Any CPU
		{4F7E4699-8F8B-41E9-B318-E3A1F0AB7C9A}.Debug|iPhone.Build.0 = Debug|Any CPU
		{4F7E4699-8F8B-41E9-B318-E3A1F0AB7C9A}.Debug|iPhone.Deploy.0 = Debug|Any CPU
		{4F7E4699-8F8B-41E9-B318-E3A1F0AB7C9A}.Debug|iPhoneSimulator.ActiveCfg = Debug|Any CPU
		{4F7E4699-8F8B-41E9-B318-E3A1F0AB7C9A}.Debug|iPhoneSimulator.Build.0 = Debug|Any CPU
		{4F7E4699-8F8B-41E9-B318-E3A1F0AB7C9A}.Debug|iPhoneSimulator.Deploy.0 = Debug|Any CPU
		{4F7E4699-8F8B-41E9-B318-E3A1F0AB7C9A}.Debug|x64.ActiveCfg = Debug|Any CPU
		{4F7E4699-8F8B-41E9-B318-E3A1F0AB7C9A}.Debug|x64.Build.0 = Debug|Any CPU
		{4F7E4699-8F8B-41E9-B318-E3A1F0AB7C9A}.Debug|x64.Deploy.0 = Debug|Any CPU
		{4F7E4699-8F8B-41E9-B318-E3A1F0AB7C9A}.Debug|x86.ActiveCfg = Debug|x86
		{4F7E4699-8F8B-41E9-B318-E3A1F0AB7C9A}.Debug|x86.Build.0 = Debug|x86
		{4F7E4699-8F8B-41E9-B318-E3A1F0AB7C9A}.Debug|x86.Deploy.0 = Debug|x86
		{4F7E4699-8F8B-41E9-B318-E3A1F0AB7C9A}.Release|Any CPU.ActiveCfg = Release|Any CPU
		{4F7E4699-8F8B-41E9-B318-E3A1F0AB7C9A}.Release|Any CPU.Build.0 = Release|Any CPU
		{4F7E4699-8F8B-41E9-B318-E3A1F0AB7C9A}.Release|Any CPU.Deploy.0 = Release|Any CPU
		{4F7E4699-8F8B-41E9-B318-E3A1F0AB7C9A}.Release|ARM.ActiveCfg = Release|ARM
		{4F7E4699-8F8B-41E9-B318-E3A1F0AB7C9A}.Release|ARM.Build.0 = Release|ARM
		{4F7E4699-8F8B-41E9-B318-E3A1F0AB7C9A}.Release|ARM.Deploy.0 = Release|ARM
		{4F7E4699-8F8B-41E9-B318-E3A1F0AB7C9A}.Release|iPhone.ActiveCfg = Release|Any CPU
		{4F7E4699-8F8B-41E9-B318-E3A1F0AB7C9A}.Release|iPhone.Build.0 = Release|Any CPU
		{4F7E4699-8F8B-41E9-B318-E3A1F0AB7C9A}.Release|iPhone.Deploy.0 = Release|Any CPU
		{4F7E4699-8F8B-41E9-B318-E3A1F0AB7C9A}.Release|iPhoneSimulator.ActiveCfg = Release|Any CPU
		{4F7E4699-8F8B-41E9-B318-E3A1F0AB7C9A}.Release|iPhoneSimulator.Build.0 = Release|Any CPU
		{4F7E4699-8F8B-41E9-B318-E3A1F0AB7C9A}.Release|iPhoneSimulator.Deploy.0 = Release|Any CPU
		{4F7E4699-8F8B-41E9-B318-E3A1F0AB7C9A}.Release|x64.ActiveCfg = Release|Any CPU
		{4F7E4699-8F8B-41E9-B318-E3A1F0AB7C9A}.Release|x64.Build.0 = Release|Any CPU
		{4F7E4699-8F8B-41E9-B318-E3A1F0AB7C9A}.Release|x64.Deploy.0 = Release|Any CPU
		{4F7E4699-8F8B-41E9-B318-E3A1F0AB7C9A}.Release|x86.ActiveCfg = Release|x86
		{4F7E4699-8F8B-41E9-B318-E3A1F0AB7C9A}.Release|x86.Build.0 = Release|x86
		{4F7E4699-8F8B-41E9-B318-E3A1F0AB7C9A}.Release|x86.Deploy.0 = Release|x86
		{AF9BFDA3-4257-4FBF-9DB0-92639CDE4249}.Ad-Hoc|Any CPU.ActiveCfg = Release|x86
		{AF9BFDA3-4257-4FBF-9DB0-92639CDE4249}.Ad-Hoc|Any CPU.Build.0 = Release|x86
		{AF9BFDA3-4257-4FBF-9DB0-92639CDE4249}.Ad-Hoc|Any CPU.Deploy.0 = Release|x86
		{AF9BFDA3-4257-4FBF-9DB0-92639CDE4249}.Ad-Hoc|ARM.ActiveCfg = Release|ARM
		{AF9BFDA3-4257-4FBF-9DB0-92639CDE4249}.Ad-Hoc|ARM.Build.0 = Release|ARM
		{AF9BFDA3-4257-4FBF-9DB0-92639CDE4249}.Ad-Hoc|ARM.Deploy.0 = Release|ARM
		{AF9BFDA3-4257-4FBF-9DB0-92639CDE4249}.Ad-Hoc|iPhone.ActiveCfg = Release|x86
		{AF9BFDA3-4257-4FBF-9DB0-92639CDE4249}.Ad-Hoc|iPhone.Build.0 = Release|x86
		{AF9BFDA3-4257-4FBF-9DB0-92639CDE4249}.Ad-Hoc|iPhone.Deploy.0 = Release|x86
		{AF9BFDA3-4257-4FBF-9DB0-92639CDE4249}.Ad-Hoc|iPhoneSimulator.ActiveCfg = Release|x86
		{AF9BFDA3-4257-4FBF-9DB0-92639CDE4249}.Ad-Hoc|iPhoneSimulator.Build.0 = Release|x86
		{AF9BFDA3-4257-4FBF-9DB0-92639CDE4249}.Ad-Hoc|iPhoneSimulator.Deploy.0 = Release|x86
		{AF9BFDA3-4257-4FBF-9DB0-92639CDE4249}.Ad-Hoc|x64.ActiveCfg = Release|x64
		{AF9BFDA3-4257-4FBF-9DB0-92639CDE4249}.Ad-Hoc|x64.Build.0 = Release|x64
		{AF9BFDA3-4257-4FBF-9DB0-92639CDE4249}.Ad-Hoc|x64.Deploy.0 = Release|x64
		{AF9BFDA3-4257-4FBF-9DB0-92639CDE4249}.Ad-Hoc|x86.ActiveCfg = Release|x86
		{AF9BFDA3-4257-4FBF-9DB0-92639CDE4249}.Ad-Hoc|x86.Build.0 = Release|x86
		{AF9BFDA3-4257-4FBF-9DB0-92639CDE4249}.Ad-Hoc|x86.Deploy.0 = Release|x86
		{AF9BFDA3-4257-4FBF-9DB0-92639CDE4249}.AppStore|Any CPU.ActiveCfg = Release|x86
		{AF9BFDA3-4257-4FBF-9DB0-92639CDE4249}.AppStore|Any CPU.Build.0 = Release|x86
		{AF9BFDA3-4257-4FBF-9DB0-92639CDE4249}.AppStore|Any CPU.Deploy.0 = Release|x86
		{AF9BFDA3-4257-4FBF-9DB0-92639CDE4249}.AppStore|ARM.ActiveCfg = Release|ARM
		{AF9BFDA3-4257-4FBF-9DB0-92639CDE4249}.AppStore|ARM.Build.0 = Release|ARM
		{AF9BFDA3-4257-4FBF-9DB0-92639CDE4249}.AppStore|ARM.Deploy.0 = Release|ARM
		{AF9BFDA3-4257-4FBF-9DB0-92639CDE4249}.AppStore|iPhone.ActiveCfg = Release|x86
		{AF9BFDA3-4257-4FBF-9DB0-92639CDE4249}.AppStore|iPhone.Build.0 = Release|x86
		{AF9BFDA3-4257-4FBF-9DB0-92639CDE4249}.AppStore|iPhone.Deploy.0 = Release|x86
		{AF9BFDA3-4257-4FBF-9DB0-92639CDE4249}.AppStore|iPhoneSimulator.ActiveCfg = Release|x86
		{AF9BFDA3-4257-4FBF-9DB0-92639CDE4249}.AppStore|iPhoneSimulator.Build.0 = Release|x86
		{AF9BFDA3-4257-4FBF-9DB0-92639CDE4249}.AppStore|iPhoneSimulator.Deploy.0 = Release|x86
		{AF9BFDA3-4257-4FBF-9DB0-92639CDE4249}.AppStore|x64.ActiveCfg = Release|x64
		{AF9BFDA3-4257-4FBF-9DB0-92639CDE4249}.AppStore|x64.Build.0 = Release|x64
		{AF9BFDA3-4257-4FBF-9DB0-92639CDE4249}.AppStore|x64.Deploy.0 = Release|x64
		{AF9BFDA3-4257-4FBF-9DB0-92639CDE4249}.AppStore|x86.ActiveCfg = Release|x86
		{AF9BFDA3-4257-4FBF-9DB0-92639CDE4249}.AppStore|x86.Build.0 = Release|x86
		{AF9BFDA3-4257-4FBF-9DB0-92639CDE4249}.AppStore|x86.Deploy.0 = Release|x86
		{AF9BFDA3-4257-4FBF-9DB0-92639CDE4249}.Debug|Any CPU.ActiveCfg = Debug|x86
		{AF9BFDA3-4257-4FBF-9DB0-92639CDE4249}.Debug|ARM.ActiveCfg = Debug|ARM
		{AF9BFDA3-4257-4FBF-9DB0-92639CDE4249}.Debug|ARM.Build.0 = Debug|ARM
		{AF9BFDA3-4257-4FBF-9DB0-92639CDE4249}.Debug|ARM.Deploy.0 = Debug|ARM
		{AF9BFDA3-4257-4FBF-9DB0-92639CDE4249}.Debug|iPhone.ActiveCfg = Debug|x86
		{AF9BFDA3-4257-4FBF-9DB0-92639CDE4249}.Debug|iPhoneSimulator.ActiveCfg = Debug|x86
		{AF9BFDA3-4257-4FBF-9DB0-92639CDE4249}.Debug|x64.ActiveCfg = Debug|x64
		{AF9BFDA3-4257-4FBF-9DB0-92639CDE4249}.Debug|x64.Build.0 = Debug|x64
		{AF9BFDA3-4257-4FBF-9DB0-92639CDE4249}.Debug|x64.Deploy.0 = Debug|x64
		{AF9BFDA3-4257-4FBF-9DB0-92639CDE4249}.Debug|x86.ActiveCfg = Debug|x86
		{AF9BFDA3-4257-4FBF-9DB0-92639CDE4249}.Debug|x86.Build.0 = Debug|x86
		{AF9BFDA3-4257-4FBF-9DB0-92639CDE4249}.Debug|x86.Deploy.0 = Debug|x86
		{AF9BFDA3-4257-4FBF-9DB0-92639CDE4249}.Release|Any CPU.ActiveCfg = Release|x86
		{AF9BFDA3-4257-4FBF-9DB0-92639CDE4249}.Release|ARM.ActiveCfg = Release|ARM
		{AF9BFDA3-4257-4FBF-9DB0-92639CDE4249}.Release|ARM.Build.0 = Release|ARM
		{AF9BFDA3-4257-4FBF-9DB0-92639CDE4249}.Release|ARM.Deploy.0 = Release|ARM
		{AF9BFDA3-4257-4FBF-9DB0-92639CDE4249}.Release|iPhone.ActiveCfg = Release|x86
		{AF9BFDA3-4257-4FBF-9DB0-92639CDE4249}.Release|iPhoneSimulator.ActiveCfg = Release|x86
		{AF9BFDA3-4257-4FBF-9DB0-92639CDE4249}.Release|x64.ActiveCfg = Release|x64
		{AF9BFDA3-4257-4FBF-9DB0-92639CDE4249}.Release|x64.Build.0 = Release|x64
		{AF9BFDA3-4257-4FBF-9DB0-92639CDE4249}.Release|x64.Deploy.0 = Release|x64
		{AF9BFDA3-4257-4FBF-9DB0-92639CDE4249}.Release|x86.ActiveCfg = Release|x86
		{AF9BFDA3-4257-4FBF-9DB0-92639CDE4249}.Release|x86.Build.0 = Release|x86
		{AF9BFDA3-4257-4FBF-9DB0-92639CDE4249}.Release|x86.Deploy.0 = Release|x86
		{396EF89C-BF31-4E49-AE13-30CE47A6DEF2}.Ad-Hoc|Any CPU.ActiveCfg = Release|Any CPU
		{396EF89C-BF31-4E49-AE13-30CE47A6DEF2}.Ad-Hoc|Any CPU.Build.0 = Release|Any CPU
		{396EF89C-BF31-4E49-AE13-30CE47A6DEF2}.Ad-Hoc|Any CPU.Deploy.0 = Release|Any CPU
		{396EF89C-BF31-4E49-AE13-30CE47A6DEF2}.Ad-Hoc|ARM.ActiveCfg = Release|ARM
		{396EF89C-BF31-4E49-AE13-30CE47A6DEF2}.Ad-Hoc|ARM.Build.0 = Release|ARM
		{396EF89C-BF31-4E49-AE13-30CE47A6DEF2}.Ad-Hoc|ARM.Deploy.0 = Release|ARM
		{396EF89C-BF31-4E49-AE13-30CE47A6DEF2}.Ad-Hoc|iPhone.ActiveCfg = Release|Any CPU
		{396EF89C-BF31-4E49-AE13-30CE47A6DEF2}.Ad-Hoc|iPhone.Build.0 = Release|Any CPU
		{396EF89C-BF31-4E49-AE13-30CE47A6DEF2}.Ad-Hoc|iPhone.Deploy.0 = Release|Any CPU
		{396EF89C-BF31-4E49-AE13-30CE47A6DEF2}.Ad-Hoc|iPhoneSimulator.ActiveCfg = Release|Any CPU
		{396EF89C-BF31-4E49-AE13-30CE47A6DEF2}.Ad-Hoc|iPhoneSimulator.Build.0 = Release|Any CPU
		{396EF89C-BF31-4E49-AE13-30CE47A6DEF2}.Ad-Hoc|iPhoneSimulator.Deploy.0 = Release|Any CPU
		{396EF89C-BF31-4E49-AE13-30CE47A6DEF2}.Ad-Hoc|x64.ActiveCfg = Release|x64
		{396EF89C-BF31-4E49-AE13-30CE47A6DEF2}.Ad-Hoc|x64.Build.0 = Release|x64
		{396EF89C-BF31-4E49-AE13-30CE47A6DEF2}.Ad-Hoc|x64.Deploy.0 = Release|x64
		{396EF89C-BF31-4E49-AE13-30CE47A6DEF2}.Ad-Hoc|x86.ActiveCfg = Release|x86
		{396EF89C-BF31-4E49-AE13-30CE47A6DEF2}.Ad-Hoc|x86.Build.0 = Release|x86
		{396EF89C-BF31-4E49-AE13-30CE47A6DEF2}.Ad-Hoc|x86.Deploy.0 = Release|x86
		{396EF89C-BF31-4E49-AE13-30CE47A6DEF2}.AppStore|Any CPU.ActiveCfg = Release|Any CPU
		{396EF89C-BF31-4E49-AE13-30CE47A6DEF2}.AppStore|Any CPU.Build.0 = Release|Any CPU
		{396EF89C-BF31-4E49-AE13-30CE47A6DEF2}.AppStore|Any CPU.Deploy.0 = Release|Any CPU
		{396EF89C-BF31-4E49-AE13-30CE47A6DEF2}.AppStore|ARM.ActiveCfg = Release|ARM
		{396EF89C-BF31-4E49-AE13-30CE47A6DEF2}.AppStore|ARM.Build.0 = Release|ARM
		{396EF89C-BF31-4E49-AE13-30CE47A6DEF2}.AppStore|ARM.Deploy.0 = Release|ARM
		{396EF89C-BF31-4E49-AE13-30CE47A6DEF2}.AppStore|iPhone.ActiveCfg = Release|Any CPU
		{396EF89C-BF31-4E49-AE13-30CE47A6DEF2}.AppStore|iPhone.Build.0 = Release|Any CPU
		{396EF89C-BF31-4E49-AE13-30CE47A6DEF2}.AppStore|iPhone.Deploy.0 = Release|Any CPU
		{396EF89C-BF31-4E49-AE13-30CE47A6DEF2}.AppStore|iPhoneSimulator.ActiveCfg = Release|Any CPU
		{396EF89C-BF31-4E49-AE13-30CE47A6DEF2}.AppStore|iPhoneSimulator.Build.0 = Release|Any CPU
		{396EF89C-BF31-4E49-AE13-30CE47A6DEF2}.AppStore|iPhoneSimulator.Deploy.0 = Release|Any CPU
		{396EF89C-BF31-4E49-AE13-30CE47A6DEF2}.AppStore|x64.ActiveCfg = Release|x64
		{396EF89C-BF31-4E49-AE13-30CE47A6DEF2}.AppStore|x64.Build.0 = Release|x64
		{396EF89C-BF31-4E49-AE13-30CE47A6DEF2}.AppStore|x64.Deploy.0 = Release|x64
		{396EF89C-BF31-4E49-AE13-30CE47A6DEF2}.AppStore|x86.ActiveCfg = Release|x86
		{396EF89C-BF31-4E49-AE13-30CE47A6DEF2}.AppStore|x86.Build.0 = Release|x86
		{396EF89C-BF31-4E49-AE13-30CE47A6DEF2}.AppStore|x86.Deploy.0 = Release|x86
		{396EF89C-BF31-4E49-AE13-30CE47A6DEF2}.Debug|Any CPU.ActiveCfg = Debug|Any CPU
		{396EF89C-BF31-4E49-AE13-30CE47A6DEF2}.Debug|Any CPU.Build.0 = Debug|Any CPU
		{396EF89C-BF31-4E49-AE13-30CE47A6DEF2}.Debug|Any CPU.Deploy.0 = Debug|Any CPU
		{396EF89C-BF31-4E49-AE13-30CE47A6DEF2}.Debug|ARM.ActiveCfg = Debug|ARM
		{396EF89C-BF31-4E49-AE13-30CE47A6DEF2}.Debug|ARM.Build.0 = Debug|ARM
		{396EF89C-BF31-4E49-AE13-30CE47A6DEF2}.Debug|ARM.Deploy.0 = Debug|ARM
		{396EF89C-BF31-4E49-AE13-30CE47A6DEF2}.Debug|iPhone.ActiveCfg = Debug|Any CPU
		{396EF89C-BF31-4E49-AE13-30CE47A6DEF2}.Debug|iPhone.Build.0 = Debug|Any CPU
		{396EF89C-BF31-4E49-AE13-30CE47A6DEF2}.Debug|iPhone.Deploy.0 = Debug|Any CPU
		{396EF89C-BF31-4E49-AE13-30CE47A6DEF2}.Debug|iPhoneSimulator.ActiveCfg = Debug|Any CPU
		{396EF89C-BF31-4E49-AE13-30CE47A6DEF2}.Debug|iPhoneSimulator.Build.0 = Debug|Any CPU
		{396EF89C-BF31-4E49-AE13-30CE47A6DEF2}.Debug|iPhoneSimulator.Deploy.0 = Debug|Any CPU
		{396EF89C-BF31-4E49-AE13-30CE47A6DEF2}.Debug|x64.ActiveCfg = Debug|x64
		{396EF89C-BF31-4E49-AE13-30CE47A6DEF2}.Debug|x64.Build.0 = Debug|x64
		{396EF89C-BF31-4E49-AE13-30CE47A6DEF2}.Debug|x64.Deploy.0 = Debug|x64
		{396EF89C-BF31-4E49-AE13-30CE47A6DEF2}.Debug|x86.ActiveCfg = Debug|x86
		{396EF89C-BF31-4E49-AE13-30CE47A6DEF2}.Debug|x86.Build.0 = Debug|x86
		{396EF89C-BF31-4E49-AE13-30CE47A6DEF2}.Debug|x86.Deploy.0 = Debug|x86
		{396EF89C-BF31-4E49-AE13-30CE47A6DEF2}.Release|Any CPU.ActiveCfg = Release|Any CPU
		{396EF89C-BF31-4E49-AE13-30CE47A6DEF2}.Release|Any CPU.Build.0 = Release|Any CPU
		{396EF89C-BF31-4E49-AE13-30CE47A6DEF2}.Release|Any CPU.Deploy.0 = Release|Any CPU
		{396EF89C-BF31-4E49-AE13-30CE47A6DEF2}.Release|ARM.ActiveCfg = Release|ARM
		{396EF89C-BF31-4E49-AE13-30CE47A6DEF2}.Release|ARM.Build.0 = Release|ARM
		{396EF89C-BF31-4E49-AE13-30CE47A6DEF2}.Release|ARM.Deploy.0 = Release|ARM
		{396EF89C-BF31-4E49-AE13-30CE47A6DEF2}.Release|iPhone.ActiveCfg = Release|Any CPU
		{396EF89C-BF31-4E49-AE13-30CE47A6DEF2}.Release|iPhone.Build.0 = Release|Any CPU
		{396EF89C-BF31-4E49-AE13-30CE47A6DEF2}.Release|iPhone.Deploy.0 = Release|Any CPU
		{396EF89C-BF31-4E49-AE13-30CE47A6DEF2}.Release|iPhoneSimulator.ActiveCfg = Release|Any CPU
		{396EF89C-BF31-4E49-AE13-30CE47A6DEF2}.Release|iPhoneSimulator.Build.0 = Release|Any CPU
		{396EF89C-BF31-4E49-AE13-30CE47A6DEF2}.Release|iPhoneSimulator.Deploy.0 = Release|Any CPU
		{396EF89C-BF31-4E49-AE13-30CE47A6DEF2}.Release|x64.ActiveCfg = Release|x64
		{396EF89C-BF31-4E49-AE13-30CE47A6DEF2}.Release|x64.Build.0 = Release|x64
		{396EF89C-BF31-4E49-AE13-30CE47A6DEF2}.Release|x64.Deploy.0 = Release|x64
		{396EF89C-BF31-4E49-AE13-30CE47A6DEF2}.Release|x86.ActiveCfg = Release|x86
		{396EF89C-BF31-4E49-AE13-30CE47A6DEF2}.Release|x86.Build.0 = Release|x86
		{396EF89C-BF31-4E49-AE13-30CE47A6DEF2}.Release|x86.Deploy.0 = Release|x86
		{EA2228A7-2E96-453B-B6FC-D1E6437E24A1}.Ad-Hoc|Any CPU.ActiveCfg = Release|Any CPU
		{EA2228A7-2E96-453B-B6FC-D1E6437E24A1}.Ad-Hoc|Any CPU.Build.0 = Release|Any CPU
		{EA2228A7-2E96-453B-B6FC-D1E6437E24A1}.Ad-Hoc|ARM.ActiveCfg = Release|Any CPU
		{EA2228A7-2E96-453B-B6FC-D1E6437E24A1}.Ad-Hoc|ARM.Build.0 = Release|Any CPU
		{EA2228A7-2E96-453B-B6FC-D1E6437E24A1}.Ad-Hoc|iPhone.ActiveCfg = Release|Any CPU
		{EA2228A7-2E96-453B-B6FC-D1E6437E24A1}.Ad-Hoc|iPhone.Build.0 = Release|Any CPU
		{EA2228A7-2E96-453B-B6FC-D1E6437E24A1}.Ad-Hoc|iPhoneSimulator.ActiveCfg = Release|Any CPU
		{EA2228A7-2E96-453B-B6FC-D1E6437E24A1}.Ad-Hoc|iPhoneSimulator.Build.0 = Release|Any CPU
		{EA2228A7-2E96-453B-B6FC-D1E6437E24A1}.Ad-Hoc|x64.ActiveCfg = Release|Any CPU
		{EA2228A7-2E96-453B-B6FC-D1E6437E24A1}.Ad-Hoc|x64.Build.0 = Release|Any CPU
		{EA2228A7-2E96-453B-B6FC-D1E6437E24A1}.Ad-Hoc|x86.ActiveCfg = Release|Any CPU
		{EA2228A7-2E96-453B-B6FC-D1E6437E24A1}.Ad-Hoc|x86.Build.0 = Release|Any CPU
		{EA2228A7-2E96-453B-B6FC-D1E6437E24A1}.AppStore|Any CPU.ActiveCfg = Release|Any CPU
		{EA2228A7-2E96-453B-B6FC-D1E6437E24A1}.AppStore|Any CPU.Build.0 = Release|Any CPU
		{EA2228A7-2E96-453B-B6FC-D1E6437E24A1}.AppStore|ARM.ActiveCfg = Release|Any CPU
		{EA2228A7-2E96-453B-B6FC-D1E6437E24A1}.AppStore|ARM.Build.0 = Release|Any CPU
		{EA2228A7-2E96-453B-B6FC-D1E6437E24A1}.AppStore|iPhone.ActiveCfg = Release|Any CPU
		{EA2228A7-2E96-453B-B6FC-D1E6437E24A1}.AppStore|iPhone.Build.0 = Release|Any CPU
		{EA2228A7-2E96-453B-B6FC-D1E6437E24A1}.AppStore|iPhoneSimulator.ActiveCfg = Release|Any CPU
		{EA2228A7-2E96-453B-B6FC-D1E6437E24A1}.AppStore|iPhoneSimulator.Build.0 = Release|Any CPU
		{EA2228A7-2E96-453B-B6FC-D1E6437E24A1}.AppStore|x64.ActiveCfg = Release|Any CPU
		{EA2228A7-2E96-453B-B6FC-D1E6437E24A1}.AppStore|x64.Build.0 = Release|Any CPU
		{EA2228A7-2E96-453B-B6FC-D1E6437E24A1}.AppStore|x86.ActiveCfg = Release|Any CPU
		{EA2228A7-2E96-453B-B6FC-D1E6437E24A1}.AppStore|x86.Build.0 = Release|Any CPU
		{EA2228A7-2E96-453B-B6FC-D1E6437E24A1}.Debug|Any CPU.ActiveCfg = Debug|Any CPU
		{EA2228A7-2E96-453B-B6FC-D1E6437E24A1}.Debug|Any CPU.Build.0 = Debug|Any CPU
		{EA2228A7-2E96-453B-B6FC-D1E6437E24A1}.Debug|ARM.ActiveCfg = Debug|Any CPU
		{EA2228A7-2E96-453B-B6FC-D1E6437E24A1}.Debug|ARM.Build.0 = Debug|Any CPU
		{EA2228A7-2E96-453B-B6FC-D1E6437E24A1}.Debug|iPhone.ActiveCfg = Debug|Any CPU
		{EA2228A7-2E96-453B-B6FC-D1E6437E24A1}.Debug|iPhone.Build.0 = Debug|Any CPU
		{EA2228A7-2E96-453B-B6FC-D1E6437E24A1}.Debug|iPhoneSimulator.ActiveCfg = Debug|Any CPU
		{EA2228A7-2E96-453B-B6FC-D1E6437E24A1}.Debug|iPhoneSimulator.Build.0 = Debug|Any CPU
		{EA2228A7-2E96-453B-B6FC-D1E6437E24A1}.Debug|x64.ActiveCfg = Debug|Any CPU
		{EA2228A7-2E96-453B-B6FC-D1E6437E24A1}.Debug|x64.Build.0 = Debug|Any CPU
		{EA2228A7-2E96-453B-B6FC-D1E6437E24A1}.Debug|x86.ActiveCfg = Debug|Any CPU
		{EA2228A7-2E96-453B-B6FC-D1E6437E24A1}.Debug|x86.Build.0 = Debug|Any CPU
		{EA2228A7-2E96-453B-B6FC-D1E6437E24A1}.Release|Any CPU.ActiveCfg = Release|Any CPU
		{EA2228A7-2E96-453B-B6FC-D1E6437E24A1}.Release|Any CPU.Build.0 = Release|Any CPU
		{EA2228A7-2E96-453B-B6FC-D1E6437E24A1}.Release|ARM.ActiveCfg = Release|Any CPU
		{EA2228A7-2E96-453B-B6FC-D1E6437E24A1}.Release|ARM.Build.0 = Release|Any CPU
		{EA2228A7-2E96-453B-B6FC-D1E6437E24A1}.Release|iPhone.ActiveCfg = Release|Any CPU
		{EA2228A7-2E96-453B-B6FC-D1E6437E24A1}.Release|iPhone.Build.0 = Release|Any CPU
		{EA2228A7-2E96-453B-B6FC-D1E6437E24A1}.Release|iPhoneSimulator.ActiveCfg = Release|Any CPU
		{EA2228A7-2E96-453B-B6FC-D1E6437E24A1}.Release|iPhoneSimulator.Build.0 = Release|Any CPU
		{EA2228A7-2E96-453B-B6FC-D1E6437E24A1}.Release|x64.ActiveCfg = Release|Any CPU
		{EA2228A7-2E96-453B-B6FC-D1E6437E24A1}.Release|x64.Build.0 = Release|Any CPU
		{EA2228A7-2E96-453B-B6FC-D1E6437E24A1}.Release|x86.ActiveCfg = Release|Any CPU
		{EA2228A7-2E96-453B-B6FC-D1E6437E24A1}.Release|x86.Build.0 = Release|Any CPU
	EndGlobalSection
	GlobalSection(SolutionProperties) = preSolution
		HideSolutionNode = FALSE
	EndGlobalSection
EndGlobal
