
Microsoft Visual Studio Solution File, Format Version 12.00
# Visual Studio 14
VisualStudioVersion = 14.0.25420.1
MinimumVisualStudioVersion = 10.0.40219.1
Project("{FAE04EC0-301F-11D3-BF4B-00C04F79EFBC}") = "DianetApp", "DianetApp\DianetApp\DianetApp.csproj", "{620D3823-024A-4862-A273-E5A08427936B}"
EndProject
Project("{FAE04EC0-301F-11D3-BF4B-00C04F79EFBC}") = "DianetApp.Droid", "DianetApp\DianetApp.Droid\DianetApp.Droid.csproj", "{9EC1E72B-2681-4E67-9E51-845A61318449}"
EndProject
Project("{FAE04EC0-301F-11D3-BF4B-00C04F79EFBC}") = "DianetApp.iOS", "DianetApp\DianetApp.iOS\DianetApp.iOS.csproj", "{E592CD76-3362-4F29-8023-882D28A12FD3}"
EndProject
Project("{FAE04EC0-301F-11D3-BF4B-00C04F79EFBC}") = "DianetApp.WinPhone", "DianetApp\DianetApp.WinPhone\DianetApp.WinPhone.csproj", "{529AEBD9-0E86-418F-A347-9E8DF73C9522}"
EndProject
Project("{FAE04EC0-301F-11D3-BF4B-00C04F79EFBC}") = "DianetApp.UWP", "DianetApp\DianetApp.UWP\DianetApp.UWP.csproj", "{FB5A5062-1DBA-4AE4-9465-247B7D974A8A}"
EndProject
Project("{FAE04EC0-301F-11D3-BF4B-00C04F79EFBC}") = "DianetApp.Windows", "DianetApp\DianetApp.Windows\DianetApp.Windows.csproj", "{15822DD4-3AF6-41AC-8869-002B114AB78D}"
EndProject
Global
	GlobalSection(SolutionConfigurationPlatforms) = preSolution
		Ad-Hoc|Any CPU = Ad-Hoc|Any CPU
		Ad-Hoc|ARM = Ad-Hoc|ARM
		Ad-Hoc|iPhone = Ad-Hoc|iPhone
		Ad-Hoc|iPhoneSimulator = Ad-Hoc|iPhoneSimulator
		Ad-Hoc|x64 = Ad-Hoc|x64
		Ad-Hoc|x86 = Ad-Hoc|x86
		AppStore|Any CPU = AppStore|Any CPU
		AppStore|ARM = AppStore|ARM
		AppStore|iPhone = AppStore|iPhone
		AppStore|iPhoneSimulator = AppStore|iPhoneSimulator
		AppStore|x64 = AppStore|x64
		AppStore|x86 = AppStore|x86
		Debug|Any CPU = Debug|Any CPU
		Debug|ARM = Debug|ARM
		Debug|iPhone = Debug|iPhone
		Debug|iPhoneSimulator = Debug|iPhoneSimulator
		Debug|x64 = Debug|x64
		Debug|x86 = Debug|x86
		Release|Any CPU = Release|Any CPU
		Release|ARM = Release|ARM
		Release|iPhone = Release|iPhone
		Release|iPhoneSimulator = Release|iPhoneSimulator
		Release|x64 = Release|x64
		Release|x86 = Release|x86
	EndGlobalSection
	GlobalSection(ProjectConfigurationPlatforms) = postSolution
		{620D3823-024A-4862-A273-E5A08427936B}.Ad-Hoc|Any CPU.ActiveCfg = Release|Any CPU
		{620D3823-024A-4862-A273-E5A08427936B}.Ad-Hoc|Any CPU.Build.0 = Release|Any CPU
		{620D3823-024A-4862-A273-E5A08427936B}.Ad-Hoc|ARM.ActiveCfg = Release|Any CPU
		{620D3823-024A-4862-A273-E5A08427936B}.Ad-Hoc|ARM.Build.0 = Release|Any CPU
		{620D3823-024A-4862-A273-E5A08427936B}.Ad-Hoc|iPhone.ActiveCfg = Release|Any CPU
		{620D3823-024A-4862-A273-E5A08427936B}.Ad-Hoc|iPhone.Build.0 = Release|Any CPU
		{620D3823-024A-4862-A273-E5A08427936B}.Ad-Hoc|iPhoneSimulator.ActiveCfg = Release|Any CPU
		{620D3823-024A-4862-A273-E5A08427936B}.Ad-Hoc|iPhoneSimulator.Build.0 = Release|Any CPU
		{620D3823-024A-4862-A273-E5A08427936B}.Ad-Hoc|x64.ActiveCfg = Release|Any CPU
		{620D3823-024A-4862-A273-E5A08427936B}.Ad-Hoc|x64.Build.0 = Release|Any CPU
		{620D3823-024A-4862-A273-E5A08427936B}.Ad-Hoc|x86.ActiveCfg = Release|Any CPU
		{620D3823-024A-4862-A273-E5A08427936B}.Ad-Hoc|x86.Build.0 = Release|Any CPU
		{620D3823-024A-4862-A273-E5A08427936B}.AppStore|Any CPU.ActiveCfg = Release|Any CPU
		{620D3823-024A-4862-A273-E5A08427936B}.AppStore|Any CPU.Build.0 = Release|Any CPU
		{620D3823-024A-4862-A273-E5A08427936B}.AppStore|ARM.ActiveCfg = Release|Any CPU
		{620D3823-024A-4862-A273-E5A08427936B}.AppStore|ARM.Build.0 = Release|Any CPU
		{620D3823-024A-4862-A273-E5A08427936B}.AppStore|iPhone.ActiveCfg = Release|Any CPU
		{620D3823-024A-4862-A273-E5A08427936B}.AppStore|iPhone.Build.0 = Release|Any CPU
		{620D3823-024A-4862-A273-E5A08427936B}.AppStore|iPhoneSimulator.ActiveCfg = Release|Any CPU
		{620D3823-024A-4862-A273-E5A08427936B}.AppStore|iPhoneSimulator.Build.0 = Release|Any CPU
		{620D3823-024A-4862-A273-E5A08427936B}.AppStore|x64.ActiveCfg = Release|Any CPU
		{620D3823-024A-4862-A273-E5A08427936B}.AppStore|x64.Build.0 = Release|Any CPU
		{620D3823-024A-4862-A273-E5A08427936B}.AppStore|x86.ActiveCfg = Release|Any CPU
		{620D3823-024A-4862-A273-E5A08427936B}.AppStore|x86.Build.0 = Release|Any CPU
		{620D3823-024A-4862-A273-E5A08427936B}.Debug|Any CPU.ActiveCfg = Debug|Any CPU
		{620D3823-024A-4862-A273-E5A08427936B}.Debug|Any CPU.Build.0 = Debug|Any CPU
		{620D3823-024A-4862-A273-E5A08427936B}.Debug|ARM.ActiveCfg = Debug|Any CPU
		{620D3823-024A-4862-A273-E5A08427936B}.Debug|ARM.Build.0 = Debug|Any CPU
		{620D3823-024A-4862-A273-E5A08427936B}.Debug|iPhone.ActiveCfg = Debug|Any CPU
		{620D3823-024A-4862-A273-E5A08427936B}.Debug|iPhone.Build.0 = Debug|Any CPU
		{620D3823-024A-4862-A273-E5A08427936B}.Debug|iPhoneSimulator.ActiveCfg = Debug|Any CPU
		{620D3823-024A-4862-A273-E5A08427936B}.Debug|iPhoneSimulator.Build.0 = Debug|Any CPU
		{620D3823-024A-4862-A273-E5A08427936B}.Debug|x64.ActiveCfg = Debug|Any CPU
		{620D3823-024A-4862-A273-E5A08427936B}.Debug|x64.Build.0 = Debug|Any CPU
		{620D3823-024A-4862-A273-E5A08427936B}.Debug|x86.ActiveCfg = Debug|Any CPU
		{620D3823-024A-4862-A273-E5A08427936B}.Debug|x86.Build.0 = Debug|Any CPU
		{620D3823-024A-4862-A273-E5A08427936B}.Release|Any CPU.ActiveCfg = Release|Any CPU
		{620D3823-024A-4862-A273-E5A08427936B}.Release|Any CPU.Build.0 = Release|Any CPU
		{620D3823-024A-4862-A273-E5A08427936B}.Release|ARM.ActiveCfg = Release|Any CPU
		{620D3823-024A-4862-A273-E5A08427936B}.Release|ARM.Build.0 = Release|Any CPU
		{620D3823-024A-4862-A273-E5A08427936B}.Release|iPhone.ActiveCfg = Release|Any CPU
		{620D3823-024A-4862-A273-E5A08427936B}.Release|iPhone.Build.0 = Release|Any CPU
		{620D3823-024A-4862-A273-E5A08427936B}.Release|iPhoneSimulator.ActiveCfg = Release|Any CPU
		{620D3823-024A-4862-A273-E5A08427936B}.Release|iPhoneSimulator.Build.0 = Release|Any CPU
		{620D3823-024A-4862-A273-E5A08427936B}.Release|x64.ActiveCfg = Release|Any CPU
		{620D3823-024A-4862-A273-E5A08427936B}.Release|x64.Build.0 = Release|Any CPU
		{620D3823-024A-4862-A273-E5A08427936B}.Release|x86.ActiveCfg = Release|Any CPU
		{620D3823-024A-4862-A273-E5A08427936B}.Release|x86.Build.0 = Release|Any CPU
		{9EC1E72B-2681-4E67-9E51-845A61318449}.Ad-Hoc|Any CPU.ActiveCfg = Release|Any CPU
		{9EC1E72B-2681-4E67-9E51-845A61318449}.Ad-Hoc|Any CPU.Build.0 = Release|Any CPU
		{9EC1E72B-2681-4E67-9E51-845A61318449}.Ad-Hoc|Any CPU.Deploy.0 = Release|Any CPU
		{9EC1E72B-2681-4E67-9E51-845A61318449}.Ad-Hoc|ARM.ActiveCfg = Release|Any CPU
		{9EC1E72B-2681-4E67-9E51-845A61318449}.Ad-Hoc|ARM.Build.0 = Release|Any CPU
		{9EC1E72B-2681-4E67-9E51-845A61318449}.Ad-Hoc|ARM.Deploy.0 = Release|Any CPU
		{9EC1E72B-2681-4E67-9E51-845A61318449}.Ad-Hoc|iPhone.ActiveCfg = Release|Any CPU
		{9EC1E72B-2681-4E67-9E51-845A61318449}.Ad-Hoc|iPhone.Build.0 = Release|Any CPU
		{9EC1E72B-2681-4E67-9E51-845A61318449}.Ad-Hoc|iPhone.Deploy.0 = Release|Any CPU
		{9EC1E72B-2681-4E67-9E51-845A61318449}.Ad-Hoc|iPhoneSimulator.ActiveCfg = Release|Any CPU
		{9EC1E72B-2681-4E67-9E51-845A61318449}.Ad-Hoc|iPhoneSimulator.Build.0 = Release|Any CPU
		{9EC1E72B-2681-4E67-9E51-845A61318449}.Ad-Hoc|iPhoneSimulator.Deploy.0 = Release|Any CPU
		{9EC1E72B-2681-4E67-9E51-845A61318449}.Ad-Hoc|x64.ActiveCfg = Release|Any CPU
		{9EC1E72B-2681-4E67-9E51-845A61318449}.Ad-Hoc|x64.Build.0 = Release|Any CPU
		{9EC1E72B-2681-4E67-9E51-845A61318449}.Ad-Hoc|x64.Deploy.0 = Release|Any CPU
		{9EC1E72B-2681-4E67-9E51-845A61318449}.Ad-Hoc|x86.ActiveCfg = Release|Any CPU
		{9EC1E72B-2681-4E67-9E51-845A61318449}.Ad-Hoc|x86.Build.0 = Release|Any CPU
		{9EC1E72B-2681-4E67-9E51-845A61318449}.Ad-Hoc|x86.Deploy.0 = Release|Any CPU
		{9EC1E72B-2681-4E67-9E51-845A61318449}.AppStore|Any CPU.ActiveCfg = Release|Any CPU
		{9EC1E72B-2681-4E67-9E51-845A61318449}.AppStore|Any CPU.Build.0 = Release|Any CPU
		{9EC1E72B-2681-4E67-9E51-845A61318449}.AppStore|Any CPU.Deploy.0 = Release|Any CPU
		{9EC1E72B-2681-4E67-9E51-845A61318449}.AppStore|ARM.ActiveCfg = Release|Any CPU
		{9EC1E72B-2681-4E67-9E51-845A61318449}.AppStore|ARM.Build.0 = Release|Any CPU
		{9EC1E72B-2681-4E67-9E51-845A61318449}.AppStore|ARM.Deploy.0 = Release|Any CPU
		{9EC1E72B-2681-4E67-9E51-845A61318449}.AppStore|iPhone.ActiveCfg = Release|Any CPU
		{9EC1E72B-2681-4E67-9E51-845A61318449}.AppStore|iPhone.Build.0 = Release|Any CPU
		{9EC1E72B-2681-4E67-9E51-845A61318449}.AppStore|iPhone.Deploy.0 = Release|Any CPU
		{9EC1E72B-2681-4E67-9E51-845A61318449}.AppStore|iPhoneSimulator.ActiveCfg = Release|Any CPU
		{9EC1E72B-2681-4E67-9E51-845A61318449}.AppStore|iPhoneSimulator.Build.0 = Release|Any CPU
		{9EC1E72B-2681-4E67-9E51-845A61318449}.AppStore|iPhoneSimulator.Deploy.0 = Release|Any CPU
		{9EC1E72B-2681-4E67-9E51-845A61318449}.AppStore|x64.ActiveCfg = Release|Any CPU
		{9EC1E72B-2681-4E67-9E51-845A61318449}.AppStore|x64.Build.0 = Release|Any CPU
		{9EC1E72B-2681-4E67-9E51-845A61318449}.AppStore|x64.Deploy.0 = Release|Any CPU
		{9EC1E72B-2681-4E67-9E51-845A61318449}.AppStore|x86.ActiveCfg = Release|Any CPU
		{9EC1E72B-2681-4E67-9E51-845A61318449}.AppStore|x86.Build.0 = Release|Any CPU
		{9EC1E72B-2681-4E67-9E51-845A61318449}.AppStore|x86.Deploy.0 = Release|Any CPU
		{9EC1E72B-2681-4E67-9E51-845A61318449}.Debug|Any CPU.ActiveCfg = Debug|Any CPU
		{9EC1E72B-2681-4E67-9E51-845A61318449}.Debug|Any CPU.Build.0 = Debug|Any CPU
		{9EC1E72B-2681-4E67-9E51-845A61318449}.Debug|Any CPU.Deploy.0 = Debug|Any CPU
		{9EC1E72B-2681-4E67-9E51-845A61318449}.Debug|ARM.ActiveCfg = Debug|Any CPU
		{9EC1E72B-2681-4E67-9E51-845A61318449}.Debug|ARM.Build.0 = Debug|Any CPU
		{9EC1E72B-2681-4E67-9E51-845A61318449}.Debug|ARM.Deploy.0 = Debug|Any CPU
		{9EC1E72B-2681-4E67-9E51-845A61318449}.Debug|iPhone.ActiveCfg = Debug|Any CPU
		{9EC1E72B-2681-4E67-9E51-845A61318449}.Debug|iPhone.Build.0 = Debug|Any CPU
		{9EC1E72B-2681-4E67-9E51-845A61318449}.Debug|iPhone.Deploy.0 = Debug|Any CPU
		{9EC1E72B-2681-4E67-9E51-845A61318449}.Debug|iPhoneSimulator.ActiveCfg = Debug|Any CPU
		{9EC1E72B-2681-4E67-9E51-845A61318449}.Debug|iPhoneSimulator.Build.0 = Debug|Any CPU
		{9EC1E72B-2681-4E67-9E51-845A61318449}.Debug|iPhoneSimulator.Deploy.0 = Debug|Any CPU
		{9EC1E72B-2681-4E67-9E51-845A61318449}.Debug|x64.ActiveCfg = Debug|Any CPU
		{9EC1E72B-2681-4E67-9E51-845A61318449}.Debug|x64.Build.0 = Debug|Any CPU
		{9EC1E72B-2681-4E67-9E51-845A61318449}.Debug|x64.Deploy.0 = Debug|Any CPU
		{9EC1E72B-2681-4E67-9E51-845A61318449}.Debug|x86.ActiveCfg = Debug|Any CPU
		{9EC1E72B-2681-4E67-9E51-845A61318449}.Debug|x86.Build.0 = Debug|Any CPU
		{9EC1E72B-2681-4E67-9E51-845A61318449}.Debug|x86.Deploy.0 = Debug|Any CPU
		{9EC1E72B-2681-4E67-9E51-845A61318449}.Release|Any CPU.ActiveCfg = Release|Any CPU
		{9EC1E72B-2681-4E67-9E51-845A61318449}.Release|Any CPU.Build.0 = Release|Any CPU
		{9EC1E72B-2681-4E67-9E51-845A61318449}.Release|Any CPU.Deploy.0 = Release|Any CPU
		{9EC1E72B-2681-4E67-9E51-845A61318449}.Release|ARM.ActiveCfg = Release|Any CPU
		{9EC1E72B-2681-4E67-9E51-845A61318449}.Release|ARM.Build.0 = Release|Any CPU
		{9EC1E72B-2681-4E67-9E51-845A61318449}.Release|ARM.Deploy.0 = Release|Any CPU
		{9EC1E72B-2681-4E67-9E51-845A61318449}.Release|iPhone.ActiveCfg = Release|Any CPU
		{9EC1E72B-2681-4E67-9E51-845A61318449}.Release|iPhone.Build.0 = Release|Any CPU
		{9EC1E72B-2681-4E67-9E51-845A61318449}.Release|iPhone.Deploy.0 = Release|Any CPU
		{9EC1E72B-2681-4E67-9E51-845A61318449}.Release|iPhoneSimulator.ActiveCfg = Release|Any CPU
		{9EC1E72B-2681-4E67-9E51-845A61318449}.Release|iPhoneSimulator.Build.0 = Release|Any CPU
		{9EC1E72B-2681-4E67-9E51-845A61318449}.Release|iPhoneSimulator.Deploy.0 = Release|Any CPU
		{9EC1E72B-2681-4E67-9E51-845A61318449}.Release|x64.ActiveCfg = Release|Any CPU
		{9EC1E72B-2681-4E67-9E51-845A61318449}.Release|x64.Build.0 = Release|Any CPU
		{9EC1E72B-2681-4E67-9E51-845A61318449}.Release|x64.Deploy.0 = Release|Any CPU
		{9EC1E72B-2681-4E67-9E51-845A61318449}.Release|x86.ActiveCfg = Release|Any CPU
		{9EC1E72B-2681-4E67-9E51-845A61318449}.Release|x86.Build.0 = Release|Any CPU
		{9EC1E72B-2681-4E67-9E51-845A61318449}.Release|x86.Deploy.0 = Release|Any CPU
		{E592CD76-3362-4F29-8023-882D28A12FD3}.Ad-Hoc|Any CPU.ActiveCfg = Ad-Hoc|iPhone
		{E592CD76-3362-4F29-8023-882D28A12FD3}.Ad-Hoc|ARM.ActiveCfg = Ad-Hoc|iPhone
		{E592CD76-3362-4F29-8023-882D28A12FD3}.Ad-Hoc|iPhone.ActiveCfg = Ad-Hoc|iPhone
		{E592CD76-3362-4F29-8023-882D28A12FD3}.Ad-Hoc|iPhone.Build.0 = Ad-Hoc|iPhone
		{E592CD76-3362-4F29-8023-882D28A12FD3}.Ad-Hoc|iPhoneSimulator.ActiveCfg = Ad-Hoc|iPhoneSimulator
		{E592CD76-3362-4F29-8023-882D28A12FD3}.Ad-Hoc|iPhoneSimulator.Build.0 = Ad-Hoc|iPhoneSimulator
		{E592CD76-3362-4F29-8023-882D28A12FD3}.Ad-Hoc|x64.ActiveCfg = Ad-Hoc|iPhone
		{E592CD76-3362-4F29-8023-882D28A12FD3}.Ad-Hoc|x86.ActiveCfg = Ad-Hoc|iPhone
		{E592CD76-3362-4F29-8023-882D28A12FD3}.AppStore|Any CPU.ActiveCfg = AppStore|iPhone
		{E592CD76-3362-4F29-8023-882D28A12FD3}.AppStore|ARM.ActiveCfg = AppStore|iPhone
		{E592CD76-3362-4F29-8023-882D28A12FD3}.AppStore|iPhone.ActiveCfg = AppStore|iPhone
		{E592CD76-3362-4F29-8023-882D28A12FD3}.AppStore|iPhone.Build.0 = AppStore|iPhone
		{E592CD76-3362-4F29-8023-882D28A12FD3}.AppStore|iPhoneSimulator.ActiveCfg = AppStore|iPhoneSimulator
		{E592CD76-3362-4F29-8023-882D28A12FD3}.AppStore|iPhoneSimulator.Build.0 = AppStore|iPhoneSimulator
		{E592CD76-3362-4F29-8023-882D28A12FD3}.AppStore|x64.ActiveCfg = AppStore|iPhone
		{E592CD76-3362-4F29-8023-882D28A12FD3}.AppStore|x86.ActiveCfg = AppStore|iPhone
		{E592CD76-3362-4F29-8023-882D28A12FD3}.Debug|Any CPU.ActiveCfg = Debug|iPhone
		{E592CD76-3362-4F29-8023-882D28A12FD3}.Debug|ARM.ActiveCfg = Debug|iPhone
		{E592CD76-3362-4F29-8023-882D28A12FD3}.Debug|iPhone.ActiveCfg = Debug|iPhone
		{E592CD76-3362-4F29-8023-882D28A12FD3}.Debug|iPhone.Build.0 = Debug|iPhone
		{E592CD76-3362-4F29-8023-882D28A12FD3}.Debug|iPhoneSimulator.ActiveCfg = Debug|iPhoneSimulator
		{E592CD76-3362-4F29-8023-882D28A12FD3}.Debug|iPhoneSimulator.Build.0 = Debug|iPhoneSimulator
		{E592CD76-3362-4F29-8023-882D28A12FD3}.Debug|x64.ActiveCfg = Debug|iPhone
		{E592CD76-3362-4F29-8023-882D28A12FD3}.Debug|x86.ActiveCfg = Debug|iPhone
		{E592CD76-3362-4F29-8023-882D28A12FD3}.Release|Any CPU.ActiveCfg = Release|iPhone
		{E592CD76-3362-4F29-8023-882D28A12FD3}.Release|ARM.ActiveCfg = Release|iPhone
		{E592CD76-3362-4F29-8023-882D28A12FD3}.Release|iPhone.ActiveCfg = Release|iPhone
		{E592CD76-3362-4F29-8023-882D28A12FD3}.Release|iPhone.Build.0 = Release|iPhone
		{E592CD76-3362-4F29-8023-882D28A12FD3}.Release|iPhoneSimulator.ActiveCfg = Release|iPhoneSimulator
		{E592CD76-3362-4F29-8023-882D28A12FD3}.Release|iPhoneSimulator.Build.0 = Release|iPhoneSimulator
		{E592CD76-3362-4F29-8023-882D28A12FD3}.Release|x64.ActiveCfg = Release|iPhone
		{E592CD76-3362-4F29-8023-882D28A12FD3}.Release|x86.ActiveCfg = Release|iPhone
		{529AEBD9-0E86-418F-A347-9E8DF73C9522}.Ad-Hoc|Any CPU.ActiveCfg = Release|Any CPU
		{529AEBD9-0E86-418F-A347-9E8DF73C9522}.Ad-Hoc|Any CPU.Build.0 = Release|Any CPU
		{529AEBD9-0E86-418F-A347-9E8DF73C9522}.Ad-Hoc|Any CPU.Deploy.0 = Release|Any CPU
		{529AEBD9-0E86-418F-A347-9E8DF73C9522}.Ad-Hoc|ARM.ActiveCfg = Release|ARM
		{529AEBD9-0E86-418F-A347-9E8DF73C9522}.Ad-Hoc|ARM.Build.0 = Release|ARM
		{529AEBD9-0E86-418F-A347-9E8DF73C9522}.Ad-Hoc|ARM.Deploy.0 = Release|ARM
		{529AEBD9-0E86-418F-A347-9E8DF73C9522}.Ad-Hoc|iPhone.ActiveCfg = Release|Any CPU
		{529AEBD9-0E86-418F-A347-9E8DF73C9522}.Ad-Hoc|iPhone.Build.0 = Release|Any CPU
		{529AEBD9-0E86-418F-A347-9E8DF73C9522}.Ad-Hoc|iPhone.Deploy.0 = Release|Any CPU
		{529AEBD9-0E86-418F-A347-9E8DF73C9522}.Ad-Hoc|iPhoneSimulator.ActiveCfg = Release|Any CPU
		{529AEBD9-0E86-418F-A347-9E8DF73C9522}.Ad-Hoc|iPhoneSimulator.Build.0 = Release|Any CPU
		{529AEBD9-0E86-418F-A347-9E8DF73C9522}.Ad-Hoc|iPhoneSimulator.Deploy.0 = Release|Any CPU
		{529AEBD9-0E86-418F-A347-9E8DF73C9522}.Ad-Hoc|x64.ActiveCfg = Release|Any CPU
		{529AEBD9-0E86-418F-A347-9E8DF73C9522}.Ad-Hoc|x64.Build.0 = Release|Any CPU
		{529AEBD9-0E86-418F-A347-9E8DF73C9522}.Ad-Hoc|x64.Deploy.0 = Release|Any CPU
		{529AEBD9-0E86-418F-A347-9E8DF73C9522}.Ad-Hoc|x86.ActiveCfg = Release|x86
		{529AEBD9-0E86-418F-A347-9E8DF73C9522}.Ad-Hoc|x86.Build.0 = Release|x86
		{529AEBD9-0E86-418F-A347-9E8DF73C9522}.Ad-Hoc|x86.Deploy.0 = Release|x86
		{529AEBD9-0E86-418F-A347-9E8DF73C9522}.AppStore|Any CPU.ActiveCfg = Release|Any CPU
		{529AEBD9-0E86-418F-A347-9E8DF73C9522}.AppStore|Any CPU.Build.0 = Release|Any CPU
		{529AEBD9-0E86-418F-A347-9E8DF73C9522}.AppStore|Any CPU.Deploy.0 = Release|Any CPU
		{529AEBD9-0E86-418F-A347-9E8DF73C9522}.AppStore|ARM.ActiveCfg = Release|ARM
		{529AEBD9-0E86-418F-A347-9E8DF73C9522}.AppStore|ARM.Build.0 = Release|ARM
		{529AEBD9-0E86-418F-A347-9E8DF73C9522}.AppStore|ARM.Deploy.0 = Release|ARM
		{529AEBD9-0E86-418F-A347-9E8DF73C9522}.AppStore|iPhone.ActiveCfg = Release|Any CPU
		{529AEBD9-0E86-418F-A347-9E8DF73C9522}.AppStore|iPhone.Build.0 = Release|Any CPU
		{529AEBD9-0E86-418F-A347-9E8DF73C9522}.AppStore|iPhone.Deploy.0 = Release|Any CPU
		{529AEBD9-0E86-418F-A347-9E8DF73C9522}.AppStore|iPhoneSimulator.ActiveCfg = Release|Any CPU
		{529AEBD9-0E86-418F-A347-9E8DF73C9522}.AppStore|iPhoneSimulator.Build.0 = Release|Any CPU
		{529AEBD9-0E86-418F-A347-9E8DF73C9522}.AppStore|iPhoneSimulator.Deploy.0 = Release|Any CPU
		{529AEBD9-0E86-418F-A347-9E8DF73C9522}.AppStore|x64.ActiveCfg = Release|Any CPU
		{529AEBD9-0E86-418F-A347-9E8DF73C9522}.AppStore|x64.Build.0 = Release|Any CPU
		{529AEBD9-0E86-418F-A347-9E8DF73C9522}.AppStore|x64.Deploy.0 = Release|Any CPU
		{529AEBD9-0E86-418F-A347-9E8DF73C9522}.AppStore|x86.ActiveCfg = Release|x86
		{529AEBD9-0E86-418F-A347-9E8DF73C9522}.AppStore|x86.Build.0 = Release|x86
		{529AEBD9-0E86-418F-A347-9E8DF73C9522}.AppStore|x86.Deploy.0 = Release|x86
		{529AEBD9-0E86-418F-A347-9E8DF73C9522}.Debug|Any CPU.ActiveCfg = Debug|Any CPU
		{529AEBD9-0E86-418F-A347-9E8DF73C9522}.Debug|Any CPU.Build.0 = Debug|Any CPU
		{529AEBD9-0E86-418F-A347-9E8DF73C9522}.Debug|Any CPU.Deploy.0 = Debug|Any CPU
		{529AEBD9-0E86-418F-A347-9E8DF73C9522}.Debug|ARM.ActiveCfg = Debug|ARM
		{529AEBD9-0E86-418F-A347-9E8DF73C9522}.Debug|ARM.Build.0 = Debug|ARM
		{529AEBD9-0E86-418F-A347-9E8DF73C9522}.Debug|ARM.Deploy.0 = Debug|ARM
		{529AEBD9-0E86-418F-A347-9E8DF73C9522}.Debug|iPhone.ActiveCfg = Debug|Any CPU
		{529AEBD9-0E86-418F-A347-9E8DF73C9522}.Debug|iPhone.Build.0 = Debug|Any CPU
		{529AEBD9-0E86-418F-A347-9E8DF73C9522}.Debug|iPhone.Deploy.0 = Debug|Any CPU
		{529AEBD9-0E86-418F-A347-9E8DF73C9522}.Debug|iPhoneSimulator.ActiveCfg = Debug|Any CPU
		{529AEBD9-0E86-418F-A347-9E8DF73C9522}.Debug|iPhoneSimulator.Build.0 = Debug|Any CPU
		{529AEBD9-0E86-418F-A347-9E8DF73C9522}.Debug|iPhoneSimulator.Deploy.0 = Debug|Any CPU
		{529AEBD9-0E86-418F-A347-9E8DF73C9522}.Debug|x64.ActiveCfg = Debug|Any CPU
		{529AEBD9-0E86-418F-A347-9E8DF73C9522}.Debug|x64.Build.0 = Debug|Any CPU
		{529AEBD9-0E86-418F-A347-9E8DF73C9522}.Debug|x64.Deploy.0 = Debug|Any CPU
		{529AEBD9-0E86-418F-A347-9E8DF73C9522}.Debug|x86.ActiveCfg = Debug|x86
		{529AEBD9-0E86-418F-A347-9E8DF73C9522}.Debug|x86.Build.0 = Debug|x86
		{529AEBD9-0E86-418F-A347-9E8DF73C9522}.Debug|x86.Deploy.0 = Debug|x86
		{529AEBD9-0E86-418F-A347-9E8DF73C9522}.Release|Any CPU.ActiveCfg = Release|Any CPU
		{529AEBD9-0E86-418F-A347-9E8DF73C9522}.Release|Any CPU.Build.0 = Release|Any CPU
		{529AEBD9-0E86-418F-A347-9E8DF73C9522}.Release|Any CPU.Deploy.0 = Release|Any CPU
		{529AEBD9-0E86-418F-A347-9E8DF73C9522}.Release|ARM.ActiveCfg = Release|ARM
		{529AEBD9-0E86-418F-A347-9E8DF73C9522}.Release|ARM.Build.0 = Release|ARM
		{529AEBD9-0E86-418F-A347-9E8DF73C9522}.Release|ARM.Deploy.0 = Release|ARM
		{529AEBD9-0E86-418F-A347-9E8DF73C9522}.Release|iPhone.ActiveCfg = Release|Any CPU
		{529AEBD9-0E86-418F-A347-9E8DF73C9522}.Release|iPhone.Build.0 = Release|Any CPU
		{529AEBD9-0E86-418F-A347-9E8DF73C9522}.Release|iPhone.Deploy.0 = Release|Any CPU
		{529AEBD9-0E86-418F-A347-9E8DF73C9522}.Release|iPhoneSimulator.ActiveCfg = Release|Any CPU
		{529AEBD9-0E86-418F-A347-9E8DF73C9522}.Release|iPhoneSimulator.Build.0 = Release|Any CPU
		{529AEBD9-0E86-418F-A347-9E8DF73C9522}.Release|iPhoneSimulator.Deploy.0 = Release|Any CPU
		{529AEBD9-0E86-418F-A347-9E8DF73C9522}.Release|x64.ActiveCfg = Release|Any CPU
		{529AEBD9-0E86-418F-A347-9E8DF73C9522}.Release|x64.Build.0 = Release|Any CPU
		{529AEBD9-0E86-418F-A347-9E8DF73C9522}.Release|x64.Deploy.0 = Release|Any CPU
		{529AEBD9-0E86-418F-A347-9E8DF73C9522}.Release|x86.ActiveCfg = Release|x86
		{529AEBD9-0E86-418F-A347-9E8DF73C9522}.Release|x86.Build.0 = Release|x86
		{529AEBD9-0E86-418F-A347-9E8DF73C9522}.Release|x86.Deploy.0 = Release|x86
		{FB5A5062-1DBA-4AE4-9465-247B7D974A8A}.Ad-Hoc|Any CPU.ActiveCfg = Release|x86
		{FB5A5062-1DBA-4AE4-9465-247B7D974A8A}.Ad-Hoc|Any CPU.Build.0 = Release|x86
		{FB5A5062-1DBA-4AE4-9465-247B7D974A8A}.Ad-Hoc|Any CPU.Deploy.0 = Release|x86
		{FB5A5062-1DBA-4AE4-9465-247B7D974A8A}.Ad-Hoc|ARM.ActiveCfg = Release|ARM
		{FB5A5062-1DBA-4AE4-9465-247B7D974A8A}.Ad-Hoc|ARM.Build.0 = Release|ARM
		{FB5A5062-1DBA-4AE4-9465-247B7D974A8A}.Ad-Hoc|ARM.Deploy.0 = Release|ARM
		{FB5A5062-1DBA-4AE4-9465-247B7D974A8A}.Ad-Hoc|iPhone.ActiveCfg = Release|x86
		{FB5A5062-1DBA-4AE4-9465-247B7D974A8A}.Ad-Hoc|iPhone.Build.0 = Release|x86
		{FB5A5062-1DBA-4AE4-9465-247B7D974A8A}.Ad-Hoc|iPhone.Deploy.0 = Release|x86
		{FB5A5062-1DBA-4AE4-9465-247B7D974A8A}.Ad-Hoc|iPhoneSimulator.ActiveCfg = Release|x86
		{FB5A5062-1DBA-4AE4-9465-247B7D974A8A}.Ad-Hoc|iPhoneSimulator.Build.0 = Release|x86
		{FB5A5062-1DBA-4AE4-9465-247B7D974A8A}.Ad-Hoc|iPhoneSimulator.Deploy.0 = Release|x86
		{FB5A5062-1DBA-4AE4-9465-247B7D974A8A}.Ad-Hoc|x64.ActiveCfg = Release|x64
		{FB5A5062-1DBA-4AE4-9465-247B7D974A8A}.Ad-Hoc|x64.Build.0 = Release|x64
		{FB5A5062-1DBA-4AE4-9465-247B7D974A8A}.Ad-Hoc|x64.Deploy.0 = Release|x64
		{FB5A5062-1DBA-4AE4-9465-247B7D974A8A}.Ad-Hoc|x86.ActiveCfg = Release|x86
		{FB5A5062-1DBA-4AE4-9465-247B7D974A8A}.Ad-Hoc|x86.Build.0 = Release|x86
		{FB5A5062-1DBA-4AE4-9465-247B7D974A8A}.Ad-Hoc|x86.Deploy.0 = Release|x86
		{FB5A5062-1DBA-4AE4-9465-247B7D974A8A}.AppStore|Any CPU.ActiveCfg = Release|x86
		{FB5A5062-1DBA-4AE4-9465-247B7D974A8A}.AppStore|Any CPU.Build.0 = Release|x86
		{FB5A5062-1DBA-4AE4-9465-247B7D974A8A}.AppStore|Any CPU.Deploy.0 = Release|x86
		{FB5A5062-1DBA-4AE4-9465-247B7D974A8A}.AppStore|ARM.ActiveCfg = Release|ARM
		{FB5A5062-1DBA-4AE4-9465-247B7D974A8A}.AppStore|ARM.Build.0 = Release|ARM
		{FB5A5062-1DBA-4AE4-9465-247B7D974A8A}.AppStore|ARM.Deploy.0 = Release|ARM
		{FB5A5062-1DBA-4AE4-9465-247B7D974A8A}.AppStore|iPhone.ActiveCfg = Release|x86
		{FB5A5062-1DBA-4AE4-9465-247B7D974A8A}.AppStore|iPhone.Build.0 = Release|x86
		{FB5A5062-1DBA-4AE4-9465-247B7D974A8A}.AppStore|iPhone.Deploy.0 = Release|x86
		{FB5A5062-1DBA-4AE4-9465-247B7D974A8A}.AppStore|iPhoneSimulator.ActiveCfg = Release|x86
		{FB5A5062-1DBA-4AE4-9465-247B7D974A8A}.AppStore|iPhoneSimulator.Build.0 = Release|x86
		{FB5A5062-1DBA-4AE4-9465-247B7D974A8A}.AppStore|iPhoneSimulator.Deploy.0 = Release|x86
		{FB5A5062-1DBA-4AE4-9465-247B7D974A8A}.AppStore|x64.ActiveCfg = Release|x64
		{FB5A5062-1DBA-4AE4-9465-247B7D974A8A}.AppStore|x64.Build.0 = Release|x64
		{FB5A5062-1DBA-4AE4-9465-247B7D974A8A}.AppStore|x64.Deploy.0 = Release|x64
		{FB5A5062-1DBA-4AE4-9465-247B7D974A8A}.AppStore|x86.ActiveCfg = Release|x86
		{FB5A5062-1DBA-4AE4-9465-247B7D974A8A}.AppStore|x86.Build.0 = Release|x86
		{FB5A5062-1DBA-4AE4-9465-247B7D974A8A}.AppStore|x86.Deploy.0 = Release|x86
		{FB5A5062-1DBA-4AE4-9465-247B7D974A8A}.Debug|Any CPU.ActiveCfg = Debug|x86
		{FB5A5062-1DBA-4AE4-9465-247B7D974A8A}.Debug|ARM.ActiveCfg = Debug|ARM
		{FB5A5062-1DBA-4AE4-9465-247B7D974A8A}.Debug|ARM.Build.0 = Debug|ARM
		{FB5A5062-1DBA-4AE4-9465-247B7D974A8A}.Debug|ARM.Deploy.0 = Debug|ARM
		{FB5A5062-1DBA-4AE4-9465-247B7D974A8A}.Debug|iPhone.ActiveCfg = Debug|x86
		{FB5A5062-1DBA-4AE4-9465-247B7D974A8A}.Debug|iPhoneSimulator.ActiveCfg = Debug|x86
		{FB5A5062-1DBA-4AE4-9465-247B7D974A8A}.Debug|x64.ActiveCfg = Debug|x64
		{FB5A5062-1DBA-4AE4-9465-247B7D974A8A}.Debug|x64.Build.0 = Debug|x64
		{FB5A5062-1DBA-4AE4-9465-247B7D974A8A}.Debug|x64.Deploy.0 = Debug|x64
		{FB5A5062-1DBA-4AE4-9465-247B7D974A8A}.Debug|x86.ActiveCfg = Debug|x86
		{FB5A5062-1DBA-4AE4-9465-247B7D974A8A}.Debug|x86.Build.0 = Debug|x86
		{FB5A5062-1DBA-4AE4-9465-247B7D974A8A}.Debug|x86.Deploy.0 = Debug|x86
		{FB5A5062-1DBA-4AE4-9465-247B7D974A8A}.Release|Any CPU.ActiveCfg = Release|x86
		{FB5A5062-1DBA-4AE4-9465-247B7D974A8A}.Release|ARM.ActiveCfg = Release|ARM
		{FB5A5062-1DBA-4AE4-9465-247B7D974A8A}.Release|ARM.Build.0 = Release|ARM
		{FB5A5062-1DBA-4AE4-9465-247B7D974A8A}.Release|ARM.Deploy.0 = Release|ARM
		{FB5A5062-1DBA-4AE4-9465-247B7D974A8A}.Release|iPhone.ActiveCfg = Release|x86
		{FB5A5062-1DBA-4AE4-9465-247B7D974A8A}.Release|iPhoneSimulator.ActiveCfg = Release|x86
		{FB5A5062-1DBA-4AE4-9465-247B7D974A8A}.Release|x64.ActiveCfg = Release|x64
		{FB5A5062-1DBA-4AE4-9465-247B7D974A8A}.Release|x64.Build.0 = Release|x64
		{FB5A5062-1DBA-4AE4-9465-247B7D974A8A}.Release|x64.Deploy.0 = Release|x64
		{FB5A5062-1DBA-4AE4-9465-247B7D974A8A}.Release|x86.ActiveCfg = Release|x86
		{FB5A5062-1DBA-4AE4-9465-247B7D974A8A}.Release|x86.Build.0 = Release|x86
		{FB5A5062-1DBA-4AE4-9465-247B7D974A8A}.Release|x86.Deploy.0 = Release|x86
		{15822DD4-3AF6-41AC-8869-002B114AB78D}.Ad-Hoc|Any CPU.ActiveCfg = Release|Any CPU
		{15822DD4-3AF6-41AC-8869-002B114AB78D}.Ad-Hoc|Any CPU.Build.0 = Release|Any CPU
		{15822DD4-3AF6-41AC-8869-002B114AB78D}.Ad-Hoc|Any CPU.Deploy.0 = Release|Any CPU
		{15822DD4-3AF6-41AC-8869-002B114AB78D}.Ad-Hoc|ARM.ActiveCfg = Release|ARM
		{15822DD4-3AF6-41AC-8869-002B114AB78D}.Ad-Hoc|ARM.Build.0 = Release|ARM
		{15822DD4-3AF6-41AC-8869-002B114AB78D}.Ad-Hoc|ARM.Deploy.0 = Release|ARM
		{15822DD4-3AF6-41AC-8869-002B114AB78D}.Ad-Hoc|iPhone.ActiveCfg = Release|Any CPU
		{15822DD4-3AF6-41AC-8869-002B114AB78D}.Ad-Hoc|iPhone.Build.0 = Release|Any CPU
		{15822DD4-3AF6-41AC-8869-002B114AB78D}.Ad-Hoc|iPhone.Deploy.0 = Release|Any CPU
		{15822DD4-3AF6-41AC-8869-002B114AB78D}.Ad-Hoc|iPhoneSimulator.ActiveCfg = Release|Any CPU
		{15822DD4-3AF6-41AC-8869-002B114AB78D}.Ad-Hoc|iPhoneSimulator.Build.0 = Release|Any CPU
		{15822DD4-3AF6-41AC-8869-002B114AB78D}.Ad-Hoc|iPhoneSimulator.Deploy.0 = Release|Any CPU
		{15822DD4-3AF6-41AC-8869-002B114AB78D}.Ad-Hoc|x64.ActiveCfg = Release|x64
		{15822DD4-3AF6-41AC-8869-002B114AB78D}.Ad-Hoc|x64.Build.0 = Release|x64
		{15822DD4-3AF6-41AC-8869-002B114AB78D}.Ad-Hoc|x64.Deploy.0 = Release|x64
		{15822DD4-3AF6-41AC-8869-002B114AB78D}.Ad-Hoc|x86.ActiveCfg = Release|x86
		{15822DD4-3AF6-41AC-8869-002B114AB78D}.Ad-Hoc|x86.Build.0 = Release|x86
		{15822DD4-3AF6-41AC-8869-002B114AB78D}.Ad-Hoc|x86.Deploy.0 = Release|x86
		{15822DD4-3AF6-41AC-8869-002B114AB78D}.AppStore|Any CPU.ActiveCfg = Release|Any CPU
		{15822DD4-3AF6-41AC-8869-002B114AB78D}.AppStore|Any CPU.Build.0 = Release|Any CPU
		{15822DD4-3AF6-41AC-8869-002B114AB78D}.AppStore|Any CPU.Deploy.0 = Release|Any CPU
		{15822DD4-3AF6-41AC-8869-002B114AB78D}.AppStore|ARM.ActiveCfg = Release|ARM
		{15822DD4-3AF6-41AC-8869-002B114AB78D}.AppStore|ARM.Build.0 = Release|ARM
		{15822DD4-3AF6-41AC-8869-002B114AB78D}.AppStore|ARM.Deploy.0 = Release|ARM
		{15822DD4-3AF6-41AC-8869-002B114AB78D}.AppStore|iPhone.ActiveCfg = Release|Any CPU
		{15822DD4-3AF6-41AC-8869-002B114AB78D}.AppStore|iPhone.Build.0 = Release|Any CPU
		{15822DD4-3AF6-41AC-8869-002B114AB78D}.AppStore|iPhone.Deploy.0 = Release|Any CPU
		{15822DD4-3AF6-41AC-8869-002B114AB78D}.AppStore|iPhoneSimulator.ActiveCfg = Release|Any CPU
		{15822DD4-3AF6-41AC-8869-002B114AB78D}.AppStore|iPhoneSimulator.Build.0 = Release|Any CPU
		{15822DD4-3AF6-41AC-8869-002B114AB78D}.AppStore|iPhoneSimulator.Deploy.0 = Release|Any CPU
		{15822DD4-3AF6-41AC-8869-002B114AB78D}.AppStore|x64.ActiveCfg = Release|x64
		{15822DD4-3AF6-41AC-8869-002B114AB78D}.AppStore|x64.Build.0 = Release|x64
		{15822DD4-3AF6-41AC-8869-002B114AB78D}.AppStore|x64.Deploy.0 = Release|x64
		{15822DD4-3AF6-41AC-8869-002B114AB78D}.AppStore|x86.ActiveCfg = Release|x86
		{15822DD4-3AF6-41AC-8869-002B114AB78D}.AppStore|x86.Build.0 = Release|x86
		{15822DD4-3AF6-41AC-8869-002B114AB78D}.AppStore|x86.Deploy.0 = Release|x86
		{15822DD4-3AF6-41AC-8869-002B114AB78D}.Debug|Any CPU.ActiveCfg = Debug|Any CPU
		{15822DD4-3AF6-41AC-8869-002B114AB78D}.Debug|Any CPU.Build.0 = Debug|Any CPU
		{15822DD4-3AF6-41AC-8869-002B114AB78D}.Debug|Any CPU.Deploy.0 = Debug|Any CPU
		{15822DD4-3AF6-41AC-8869-002B114AB78D}.Debug|ARM.ActiveCfg = Debug|ARM
		{15822DD4-3AF6-41AC-8869-002B114AB78D}.Debug|ARM.Build.0 = Debug|ARM
		{15822DD4-3AF6-41AC-8869-002B114AB78D}.Debug|ARM.Deploy.0 = Debug|ARM
		{15822DD4-3AF6-41AC-8869-002B114AB78D}.Debug|iPhone.ActiveCfg = Debug|Any CPU
		{15822DD4-3AF6-41AC-8869-002B114AB78D}.Debug|iPhone.Build.0 = Debug|Any CPU
		{15822DD4-3AF6-41AC-8869-002B114AB78D}.Debug|iPhone.Deploy.0 = Debug|Any CPU
		{15822DD4-3AF6-41AC-8869-002B114AB78D}.Debug|iPhoneSimulator.ActiveCfg = Debug|Any CPU
		{15822DD4-3AF6-41AC-8869-002B114AB78D}.Debug|iPhoneSimulator.Build.0 = Debug|Any CPU
		{15822DD4-3AF6-41AC-8869-002B114AB78D}.Debug|iPhoneSimulator.Deploy.0 = Debug|Any CPU
		{15822DD4-3AF6-41AC-8869-002B114AB78D}.Debug|x64.ActiveCfg = Debug|x64
		{15822DD4-3AF6-41AC-8869-002B114AB78D}.Debug|x64.Build.0 = Debug|x64
		{15822DD4-3AF6-41AC-8869-002B114AB78D}.Debug|x64.Deploy.0 = Debug|x64
		{15822DD4-3AF6-41AC-8869-002B114AB78D}.Debug|x86.ActiveCfg = Debug|x86
		{15822DD4-3AF6-41AC-8869-002B114AB78D}.Debug|x86.Build.0 = Debug|x86
		{15822DD4-3AF6-41AC-8869-002B114AB78D}.Debug|x86.Deploy.0 = Debug|x86
		{15822DD4-3AF6-41AC-8869-002B114AB78D}.Release|Any CPU.ActiveCfg = Release|Any CPU
		{15822DD4-3AF6-41AC-8869-002B114AB78D}.Release|Any CPU.Build.0 = Release|Any CPU
		{15822DD4-3AF6-41AC-8869-002B114AB78D}.Release|Any CPU.Deploy.0 = Release|Any CPU
		{15822DD4-3AF6-41AC-8869-002B114AB78D}.Release|ARM.ActiveCfg = Release|ARM
		{15822DD4-3AF6-41AC-8869-002B114AB78D}.Release|ARM.Build.0 = Release|ARM
		{15822DD4-3AF6-41AC-8869-002B114AB78D}.Release|ARM.Deploy.0 = Release|ARM
		{15822DD4-3AF6-41AC-8869-002B114AB78D}.Release|iPhone.ActiveCfg = Release|Any CPU
		{15822DD4-3AF6-41AC-8869-002B114AB78D}.Release|iPhone.Build.0 = Release|Any CPU
		{15822DD4-3AF6-41AC-8869-002B114AB78D}.Release|iPhone.Deploy.0 = Release|Any CPU
		{15822DD4-3AF6-41AC-8869-002B114AB78D}.Release|iPhoneSimulator.ActiveCfg = Release|Any CPU
		{15822DD4-3AF6-41AC-8869-002B114AB78D}.Release|iPhoneSimulator.Build.0 = Release|Any CPU
		{15822DD4-3AF6-41AC-8869-002B114AB78D}.Release|iPhoneSimulator.Deploy.0 = Release|Any CPU
		{15822DD4-3AF6-41AC-8869-002B114AB78D}.Release|x64.ActiveCfg = Release|x64
		{15822DD4-3AF6-41AC-8869-002B114AB78D}.Release|x64.Build.0 = Release|x64
		{15822DD4-3AF6-41AC-8869-002B114AB78D}.Release|x64.Deploy.0 = Release|x64
		{15822DD4-3AF6-41AC-8869-002B114AB78D}.Release|x86.ActiveCfg = Release|x86
		{15822DD4-3AF6-41AC-8869-002B114AB78D}.Release|x86.Build.0 = Release|x86
		{15822DD4-3AF6-41AC-8869-002B114AB78D}.Release|x86.Deploy.0 = Release|x86
	EndGlobalSection
	GlobalSection(SolutionProperties) = preSolution
		HideSolutionNode = FALSE
	EndGlobalSection
EndGlobal
